// !$*UTF8*$!
{
	archiveVersion = 1;
	classes = {
	};
	objectVersion = 51;
	objects = {

/* Begin PBXBuildFile section */
		63905BEF08E8CE5247B83EE5 /* Pods_TradeAndPlay_TradeAndPlayUITests.framework in Frameworks */ = {isa = PBXBuildFile; fileRef = AEE4DFDF83F4B7B46D9A9E37 /* Pods_TradeAndPlay_TradeAndPlayUITests.framework */; };
		89B50B9FAC4C54026F371672 /* Pods_TradeAndPlayTests.framework in Frameworks */ = {isa = PBXBuildFile; fileRef = AD37F05C46699BF90DA4A187 /* Pods_TradeAndPlayTests.framework */; };
		C203136D259884BE003C86ED /* InternetConnectionChecker.swift in Sources */ = {isa = PBXBuildFile; fileRef = C203136C259884BE003C86ED /* InternetConnectionChecker.swift */; };
		C2050C72258FA3AE003C2522 /* FakeUserData.swift in Sources */ = {isa = PBXBuildFile; fileRef = C2050C71258FA3AE003C2522 /* FakeUserData.swift */; };
		C21F84222597329A0013A7A4 /* Extension+Date.swift in Sources */ = {isa = PBXBuildFile; fileRef = C21F84212597329A0013A7A4 /* Extension+Date.swift */; };
		C21F843525974E060013A7A4 /* TestCoreDataStack.swift in Sources */ = {isa = PBXBuildFile; fileRef = C21F843425974E060013A7A4 /* TestCoreDataStack.swift */; };
		C21F843A25974E750013A7A4 /* GameStorageTestCase.swift in Sources */ = {isa = PBXBuildFile; fileRef = C21F843925974E750013A7A4 /* GameStorageTestCase.swift */; };
		C21F844225976E950013A7A4 /* MessageStorageTestCase.swift in Sources */ = {isa = PBXBuildFile; fileRef = C21F844125976E950013A7A4 /* MessageStorageTestCase.swift */; };
		C21F8447259786570013A7A4 /* FakeResponseData.swift in Sources */ = {isa = PBXBuildFile; fileRef = C21F8446259786570013A7A4 /* FakeResponseData.swift */; };
		C21F844C259786DC0013A7A4 /* IGDB.json in Resources */ = {isa = PBXBuildFile; fileRef = C21F844B259786DC0013A7A4 /* IGDB.json */; };
		C21F8451259787B90013A7A4 /* UrlSessionFake.swift in Sources */ = {isa = PBXBuildFile; fileRef = C21F8450259787B90013A7A4 /* UrlSessionFake.swift */; };
		C21F8459259788B20013A7A4 /* IgdbServiceTestCase.swift in Sources */ = {isa = PBXBuildFile; fileRef = C21F8458259788B20013A7A4 /* IgdbServiceTestCase.swift */; };
		C229E666258DDDD800717707 /* MessageStorage.swift in Sources */ = {isa = PBXBuildFile; fileRef = C229E665258DDDD800717707 /* MessageStorage.swift */; };
		C229E66B258DE3F500717707 /* ConversationsViewController.swift in Sources */ = {isa = PBXBuildFile; fileRef = C229E66A258DE3F500717707 /* ConversationsViewController.swift */; };
		C229E671258DE42900717707 /* ChatViewController.swift in Sources */ = {isa = PBXBuildFile; fileRef = C229E670258DE42900717707 /* ChatViewController.swift */; };
		C229E678258DEE8A00717707 /* ConversationTableViewCell.swift in Sources */ = {isa = PBXBuildFile; fileRef = C229E676258DEE8A00717707 /* ConversationTableViewCell.swift */; };
		C229E679258DEE8A00717707 /* ConversationTableViewCell.xib in Resources */ = {isa = PBXBuildFile; fileRef = C229E677258DEE8A00717707 /* ConversationTableViewCell.xib */; };
		C229E67F258E041200717707 /* ReceivedMessageTableViewCell.swift in Sources */ = {isa = PBXBuildFile; fileRef = C229E67D258E041200717707 /* ReceivedMessageTableViewCell.swift */; };
		C229E680258E041200717707 /* ReceivedMessageTableViewCell.xib in Resources */ = {isa = PBXBuildFile; fileRef = C229E67E258E041200717707 /* ReceivedMessageTableViewCell.xib */; };
		C229E686258E06E200717707 /* SendingMessageTableViewCell.swift in Sources */ = {isa = PBXBuildFile; fileRef = C229E684258E06E200717707 /* SendingMessageTableViewCell.swift */; };
		C229E687258E06E200717707 /* SendingMessageTableViewCell.xib in Resources */ = {isa = PBXBuildFile; fileRef = C229E685258E06E200717707 /* SendingMessageTableViewCell.xib */; };
		C230D7B6257F8ED100ED28C2 /* CustomTextField.xib in Resources */ = {isa = PBXBuildFile; fileRef = C230D7B5257F8ED100ED28C2 /* CustomTextField.xib */; };
		C230D7BB257F961800ED28C2 /* CustomTextField.swift in Sources */ = {isa = PBXBuildFile; fileRef = C230D7BA257F961800ED28C2 /* CustomTextField.swift */; };
		C230D7D2257FCB4C00ED28C2 /* GameDetailPresentationTableViewCell.swift in Sources */ = {isa = PBXBuildFile; fileRef = C230D7D0257FCB4C00ED28C2 /* GameDetailPresentationTableViewCell.swift */; };
		C230D7D3257FCB4C00ED28C2 /* GameDetailPresentationTableViewCell.xib in Resources */ = {isa = PBXBuildFile; fileRef = C230D7D1257FCB4C00ED28C2 /* GameDetailPresentationTableViewCell.xib */; };
		C230D7D9257FCF5E00ED28C2 /* SummaryTableViewCell.swift in Sources */ = {isa = PBXBuildFile; fileRef = C230D7D7257FCF5E00ED28C2 /* SummaryTableViewCell.swift */; };
		C230D7DA257FCF5E00ED28C2 /* SummaryTableViewCell.xib in Resources */ = {isa = PBXBuildFile; fileRef = C230D7D8257FCF5E00ED28C2 /* SummaryTableViewCell.xib */; };
		C230D7E9257FE3FE00ED28C2 /* ScreenShotsTableViewCell.swift in Sources */ = {isa = PBXBuildFile; fileRef = C230D7E7257FE3FD00ED28C2 /* ScreenShotsTableViewCell.swift */; };
		C230D7EA257FE3FE00ED28C2 /* ScreenShotsTableViewCell.xib in Resources */ = {isa = PBXBuildFile; fileRef = C230D7E8257FE3FD00ED28C2 /* ScreenShotsTableViewCell.xib */; };
		C230D8232581088600ED28C2 /* AddGameTableViewCell.swift in Sources */ = {isa = PBXBuildFile; fileRef = C230D8212581088600ED28C2 /* AddGameTableViewCell.swift */; };
		C230D8242581088600ED28C2 /* AddGameTableViewCell.xib in Resources */ = {isa = PBXBuildFile; fileRef = C230D8222581088600ED28C2 /* AddGameTableViewCell.xib */; };
		C230D83C2581168800ED28C2 /* CoreDataStack.swift in Sources */ = {isa = PBXBuildFile; fileRef = C230D83B2581168800ED28C2 /* CoreDataStack.swift */; };
		C230D8642582174A00ED28C2 /* HeaderView.swift in Sources */ = {isa = PBXBuildFile; fileRef = C230D8632582174A00ED28C2 /* HeaderView.swift */; };
		C230D8692582176300ED28C2 /* HeaderView.xib in Resources */ = {isa = PBXBuildFile; fileRef = C230D8682582176300ED28C2 /* HeaderView.xib */; };
		C230D876258252D000ED28C2 /* DataStorageError.swift in Sources */ = {isa = PBXBuildFile; fileRef = C230D875258252D000ED28C2 /* DataStorageError.swift */; };
		C230D88825826ADE00ED28C2 /* GameModel.swift in Sources */ = {isa = PBXBuildFile; fileRef = C230D88725826ADE00ED28C2 /* GameModel.swift */; };
		C230D89725827C2B00ED28C2 /* ApiConfig.swift in Sources */ = {isa = PBXBuildFile; fileRef = C230D89625827C2B00ED28C2 /* ApiConfig.swift */; };
		C230D89C258362D400ED28C2 /* ReusableView.swift in Sources */ = {isa = PBXBuildFile; fileRef = C230D89B258362D400ED28C2 /* ReusableView.swift */; };
		C230D8A1258363A000ED28C2 /* Extension+UITableView.swift in Sources */ = {isa = PBXBuildFile; fileRef = C230D8A0258363A000ED28C2 /* Extension+UITableView.swift */; };
		C230D8A62583C68300ED28C2 /* Extension+UICollectionView.swift in Sources */ = {isa = PBXBuildFile; fileRef = C230D8A52583C68300ED28C2 /* Extension+UICollectionView.swift */; };
		C230D8B12583CBBC00ED28C2 /* Extension+UITableviewCell.swift in Sources */ = {isa = PBXBuildFile; fileRef = C230D8B02583CBBC00ED28C2 /* Extension+UITableviewCell.swift */; };
		C230D8CA25849EBF00ED28C2 /* PlayerViewController.swift in Sources */ = {isa = PBXBuildFile; fileRef = C230D8C925849EBF00ED28C2 /* PlayerViewController.swift */; };
		C230D8D02584A69600ED28C2 /* PlayerTableViewCell.swift in Sources */ = {isa = PBXBuildFile; fileRef = C230D8CE2584A69600ED28C2 /* PlayerTableViewCell.swift */; };
		C230D8D12584A69600ED28C2 /* PlayerTableViewCell.xib in Resources */ = {isa = PBXBuildFile; fileRef = C230D8CF2584A69600ED28C2 /* PlayerTableViewCell.xib */; };
		C230D8EC2588904500ED28C2 /* GameStorage.swift in Sources */ = {isa = PBXBuildFile; fileRef = C230D8EB2588904500ED28C2 /* GameStorage.swift */; };
		C28F820E258A2EBF00480290 /* LibraryViewController.swift in Sources */ = {isa = PBXBuildFile; fileRef = C28F820D258A2EBF00480290 /* LibraryViewController.swift */; };
		C28F8213258A2ED200480290 /* OwnedGamesViewController.swift in Sources */ = {isa = PBXBuildFile; fileRef = C28F8212258A2ED200480290 /* OwnedGamesViewController.swift */; };
		C28F8218258A2EE400480290 /* SearchedGamesViewController.swift in Sources */ = {isa = PBXBuildFile; fileRef = C28F8217258A2EE300480290 /* SearchedGamesViewController.swift */; };
		C28F8288258B74CD00480290 /* CustomPicker.swift in Sources */ = {isa = PBXBuildFile; fileRef = C28F8287258B74CD00480290 /* CustomPicker.swift */; };
		C28F828D258B74EF00480290 /* CustomPicker.xib in Resources */ = {isa = PBXBuildFile; fileRef = C28F828C258B74EF00480290 /* CustomPicker.xib */; };
		C28F8298258BCAD900480290 /* TradesViewController.swift in Sources */ = {isa = PBXBuildFile; fileRef = C28F8297258BCAD800480290 /* TradesViewController.swift */; };
		C28F829E258BCD4700480290 /* TradeTableViewCell.swift in Sources */ = {isa = PBXBuildFile; fileRef = C28F829C258BCD4700480290 /* TradeTableViewCell.swift */; };
		C28F829F258BCD4700480290 /* TradeTableViewCell.xib in Resources */ = {isa = PBXBuildFile; fileRef = C28F829D258BCD4700480290 /* TradeTableViewCell.xib */; };
		C28F82A5258C876000480290 /* OwnedGameTableViewCell.swift in Sources */ = {isa = PBXBuildFile; fileRef = C28F82A3258C876000480290 /* OwnedGameTableViewCell.swift */; };
		C28F82A6258C876000480290 /* OwnedGameTableViewCell.xib in Resources */ = {isa = PBXBuildFile; fileRef = C28F82A4258C876000480290 /* OwnedGameTableViewCell.xib */; };
		C28F82AB258C88A800480290 /* Extension+UIView.swift in Sources */ = {isa = PBXBuildFile; fileRef = C28F82AA258C88A800480290 /* Extension+UIView.swift */; };
		C28F82B7258C8F8B00480290 /* SearchedGameTableViewCell.swift in Sources */ = {isa = PBXBuildFile; fileRef = C28F82B5258C8F8B00480290 /* SearchedGameTableViewCell.swift */; };
		C28F82B8258C8F8B00480290 /* SearchedGameTableViewCell.xib in Resources */ = {isa = PBXBuildFile; fileRef = C28F82B6258C8F8B00480290 /* SearchedGameTableViewCell.xib */; };
		C2B36FB32573C09D00282E45 /* AppDelegate.swift in Sources */ = {isa = PBXBuildFile; fileRef = C2B36FB22573C09D00282E45 /* AppDelegate.swift */; };
		C2B36FB52573C09D00282E45 /* SceneDelegate.swift in Sources */ = {isa = PBXBuildFile; fileRef = C2B36FB42573C09D00282E45 /* SceneDelegate.swift */; };
		C2B36FBA2573C09D00282E45 /* Main.storyboard in Resources */ = {isa = PBXBuildFile; fileRef = C2B36FB82573C09D00282E45 /* Main.storyboard */; };
		C2B36FBD2573C09D00282E45 /* TradeAndPlay.xcdatamodeld in Sources */ = {isa = PBXBuildFile; fileRef = C2B36FBB2573C09D00282E45 /* TradeAndPlay.xcdatamodeld */; };
		C2B36FBF2573C0A000282E45 /* Assets.xcassets in Resources */ = {isa = PBXBuildFile; fileRef = C2B36FBE2573C0A000282E45 /* Assets.xcassets */; };
		C2B36FC22573C0A000282E45 /* LaunchScreen.storyboard in Resources */ = {isa = PBXBuildFile; fileRef = C2B36FC02573C0A000282E45 /* LaunchScreen.storyboard */; };
		C2B36FD82573C0A100282E45 /* TradeAndPlayUITests.swift in Sources */ = {isa = PBXBuildFile; fileRef = C2B36FD72573C0A100282E45 /* TradeAndPlayUITests.swift */; };
		C2B36FF62573E12C00282E45 /* SearchViewController.swift in Sources */ = {isa = PBXBuildFile; fileRef = C2B36FF52573E12C00282E45 /* SearchViewController.swift */; };
		C2B36FFE2574026900282E45 /* ApiKey.swift in Sources */ = {isa = PBXBuildFile; fileRef = C2B36FFD2574026900282E45 /* ApiKey.swift */; };
		C2B3701425764E2400282E45 /* ApiError.swift in Sources */ = {isa = PBXBuildFile; fileRef = C2B3701325764E2400282E45 /* ApiError.swift */; };
		C2B3704025768C4900282E45 /* IgdbService.swift in Sources */ = {isa = PBXBuildFile; fileRef = C2B3703F25768C4900282E45 /* IgdbService.swift */; };
		C2B3704A2576957600282E45 /* TabBarViewController.swift in Sources */ = {isa = PBXBuildFile; fileRef = C2B370492576957600282E45 /* TabBarViewController.swift */; };
		C2B3704F2576997A00282E45 /* Extension+ViewController.swift in Sources */ = {isa = PBXBuildFile; fileRef = C2B3704E2576997A00282E45 /* Extension+ViewController.swift */; };
		C2B3705425769D1100282E45 /* GamesViewController.swift in Sources */ = {isa = PBXBuildFile; fileRef = C2B3705325769D1100282E45 /* GamesViewController.swift */; };
		C2B3705A2576A68900282E45 /* GameTableViewCell.swift in Sources */ = {isa = PBXBuildFile; fileRef = C2B370582576A68900282E45 /* GameTableViewCell.swift */; };
		C2B3705B2576A68900282E45 /* GameTableViewCell.xib in Resources */ = {isa = PBXBuildFile; fileRef = C2B370592576A68900282E45 /* GameTableViewCell.xib */; };
		C2B370BA2577C03700282E45 /* Extension+UIImageView.swift in Sources */ = {isa = PBXBuildFile; fileRef = C2B370B92577C03700282E45 /* Extension+UIImageView.swift */; };
		C2B370EC257B91BB00282E45 /* GameDetailViewController.swift in Sources */ = {isa = PBXBuildFile; fileRef = C2B370EB257B91BB00282E45 /* GameDetailViewController.swift */; };
		C2B370F1257B953A00282E45 /* GameSearchResult.swift in Sources */ = {isa = PBXBuildFile; fileRef = C2B370F0257B953A00282E45 /* GameSearchResult.swift */; };
		C2B370F9257BB43300282E45 /* NibView.swift in Sources */ = {isa = PBXBuildFile; fileRef = C2B370F8257BB43300282E45 /* NibView.swift */; };
		C2B37134257D072D00282E45 /* ScreenshotCollectionViewCell.swift in Sources */ = {isa = PBXBuildFile; fileRef = C2B37132257D072D00282E45 /* ScreenshotCollectionViewCell.swift */; };
		C2B37135257D072D00282E45 /* ScreenshotCollectionViewCell.xib in Resources */ = {isa = PBXBuildFile; fileRef = C2B37133257D072D00282E45 /* ScreenshotCollectionViewCell.xib */; };
		C2B621EA25947397003E87CD /* TradeFormViewController.swift in Sources */ = {isa = PBXBuildFile; fileRef = C2B621E925947397003E87CD /* TradeFormViewController.swift */; };
		E409C74CAD7510D681025C9F /* Pods_TradeAndPlay.framework in Frameworks */ = {isa = PBXBuildFile; fileRef = 38F62D07B27974B77ADBAE91 /* Pods_TradeAndPlay.framework */; };
/* End PBXBuildFile section */

/* Begin PBXContainerItemProxy section */
		C2B36FC92573C0A100282E45 /* PBXContainerItemProxy */ = {
			isa = PBXContainerItemProxy;
			containerPortal = C2B36FA72573C09D00282E45 /* Project object */;
			proxyType = 1;
			remoteGlobalIDString = C2B36FAE2573C09D00282E45;
			remoteInfo = TradeAndPlay;
		};
		C2B36FD42573C0A100282E45 /* PBXContainerItemProxy */ = {
			isa = PBXContainerItemProxy;
			containerPortal = C2B36FA72573C09D00282E45 /* Project object */;
			proxyType = 1;
			remoteGlobalIDString = C2B36FAE2573C09D00282E45;
			remoteInfo = TradeAndPlay;
		};
/* End PBXContainerItemProxy section */

/* Begin PBXFileReference section */
		1FD3C763B32D954A81B71566 /* Pods-TradeAndPlay.release.xcconfig */ = {isa = PBXFileReference; includeInIndex = 1; lastKnownFileType = text.xcconfig; name = "Pods-TradeAndPlay.release.xcconfig"; path = "Target Support Files/Pods-TradeAndPlay/Pods-TradeAndPlay.release.xcconfig"; sourceTree = "<group>"; };
		38F62D07B27974B77ADBAE91 /* Pods_TradeAndPlay.framework */ = {isa = PBXFileReference; explicitFileType = wrapper.framework; includeInIndex = 0; path = Pods_TradeAndPlay.framework; sourceTree = BUILT_PRODUCTS_DIR; };
		995CF939F21F79A6EE4E6831 /* Pods-TradeAndPlay-TradeAndPlayUITests.release.xcconfig */ = {isa = PBXFileReference; includeInIndex = 1; lastKnownFileType = text.xcconfig; name = "Pods-TradeAndPlay-TradeAndPlayUITests.release.xcconfig"; path = "Target Support Files/Pods-TradeAndPlay-TradeAndPlayUITests/Pods-TradeAndPlay-TradeAndPlayUITests.release.xcconfig"; sourceTree = "<group>"; };
		A8C370EBD6B9F5A682053512 /* Pods-TradeAndPlay.debug.xcconfig */ = {isa = PBXFileReference; includeInIndex = 1; lastKnownFileType = text.xcconfig; name = "Pods-TradeAndPlay.debug.xcconfig"; path = "Target Support Files/Pods-TradeAndPlay/Pods-TradeAndPlay.debug.xcconfig"; sourceTree = "<group>"; };
		A9AED606D1AD06A4C0CDBD5D /* Pods-TradeAndPlayTests.release.xcconfig */ = {isa = PBXFileReference; includeInIndex = 1; lastKnownFileType = text.xcconfig; name = "Pods-TradeAndPlayTests.release.xcconfig"; path = "Target Support Files/Pods-TradeAndPlayTests/Pods-TradeAndPlayTests.release.xcconfig"; sourceTree = "<group>"; };
		AD37F05C46699BF90DA4A187 /* Pods_TradeAndPlayTests.framework */ = {isa = PBXFileReference; explicitFileType = wrapper.framework; includeInIndex = 0; path = Pods_TradeAndPlayTests.framework; sourceTree = BUILT_PRODUCTS_DIR; };
		AEE4DFDF83F4B7B46D9A9E37 /* Pods_TradeAndPlay_TradeAndPlayUITests.framework */ = {isa = PBXFileReference; explicitFileType = wrapper.framework; includeInIndex = 0; path = Pods_TradeAndPlay_TradeAndPlayUITests.framework; sourceTree = BUILT_PRODUCTS_DIR; };
		C203136C259884BE003C86ED /* InternetConnectionChecker.swift */ = {isa = PBXFileReference; lastKnownFileType = sourcecode.swift; path = InternetConnectionChecker.swift; sourceTree = "<group>"; };
		C2050C71258FA3AE003C2522 /* FakeUserData.swift */ = {isa = PBXFileReference; lastKnownFileType = sourcecode.swift; path = FakeUserData.swift; sourceTree = "<group>"; };
		C21F84212597329A0013A7A4 /* Extension+Date.swift */ = {isa = PBXFileReference; lastKnownFileType = sourcecode.swift; path = "Extension+Date.swift"; sourceTree = "<group>"; };
		C21F843325974E060013A7A4 /* TradeAndPlayTests-Bridging-Header.h */ = {isa = PBXFileReference; lastKnownFileType = sourcecode.c.h; path = "TradeAndPlayTests-Bridging-Header.h"; sourceTree = "<group>"; };
		C21F843425974E060013A7A4 /* TestCoreDataStack.swift */ = {isa = PBXFileReference; lastKnownFileType = sourcecode.swift; path = TestCoreDataStack.swift; sourceTree = "<group>"; };
		C21F843925974E750013A7A4 /* GameStorageTestCase.swift */ = {isa = PBXFileReference; lastKnownFileType = sourcecode.swift; path = GameStorageTestCase.swift; sourceTree = "<group>"; };
		C21F844125976E950013A7A4 /* MessageStorageTestCase.swift */ = {isa = PBXFileReference; lastKnownFileType = sourcecode.swift; path = MessageStorageTestCase.swift; sourceTree = "<group>"; };
		C21F8446259786570013A7A4 /* FakeResponseData.swift */ = {isa = PBXFileReference; lastKnownFileType = sourcecode.swift; path = FakeResponseData.swift; sourceTree = "<group>"; };
		C21F844B259786DC0013A7A4 /* IGDB.json */ = {isa = PBXFileReference; lastKnownFileType = text.json; path = IGDB.json; sourceTree = "<group>"; };
		C21F8450259787B90013A7A4 /* UrlSessionFake.swift */ = {isa = PBXFileReference; lastKnownFileType = sourcecode.swift; path = UrlSessionFake.swift; sourceTree = "<group>"; };
		C21F8458259788B20013A7A4 /* IgdbServiceTestCase.swift */ = {isa = PBXFileReference; lastKnownFileType = sourcecode.swift; path = IgdbServiceTestCase.swift; sourceTree = "<group>"; };
		C229E665258DDDD800717707 /* MessageStorage.swift */ = {isa = PBXFileReference; lastKnownFileType = sourcecode.swift; path = MessageStorage.swift; sourceTree = "<group>"; };
		C229E66A258DE3F500717707 /* ConversationsViewController.swift */ = {isa = PBXFileReference; lastKnownFileType = sourcecode.swift; path = ConversationsViewController.swift; sourceTree = "<group>"; };
		C229E670258DE42900717707 /* ChatViewController.swift */ = {isa = PBXFileReference; lastKnownFileType = sourcecode.swift; path = ChatViewController.swift; sourceTree = "<group>"; };
		C229E676258DEE8A00717707 /* ConversationTableViewCell.swift */ = {isa = PBXFileReference; lastKnownFileType = sourcecode.swift; path = ConversationTableViewCell.swift; sourceTree = "<group>"; };
		C229E677258DEE8A00717707 /* ConversationTableViewCell.xib */ = {isa = PBXFileReference; lastKnownFileType = file.xib; path = ConversationTableViewCell.xib; sourceTree = "<group>"; };
		C229E67D258E041200717707 /* ReceivedMessageTableViewCell.swift */ = {isa = PBXFileReference; lastKnownFileType = sourcecode.swift; path = ReceivedMessageTableViewCell.swift; sourceTree = "<group>"; };
		C229E67E258E041200717707 /* ReceivedMessageTableViewCell.xib */ = {isa = PBXFileReference; lastKnownFileType = file.xib; path = ReceivedMessageTableViewCell.xib; sourceTree = "<group>"; };
		C229E684258E06E200717707 /* SendingMessageTableViewCell.swift */ = {isa = PBXFileReference; lastKnownFileType = sourcecode.swift; path = SendingMessageTableViewCell.swift; sourceTree = "<group>"; };
		C229E685258E06E200717707 /* SendingMessageTableViewCell.xib */ = {isa = PBXFileReference; lastKnownFileType = file.xib; path = SendingMessageTableViewCell.xib; sourceTree = "<group>"; };
		C230D7B5257F8ED100ED28C2 /* CustomTextField.xib */ = {isa = PBXFileReference; lastKnownFileType = file.xib; path = CustomTextField.xib; sourceTree = "<group>"; };
		C230D7BA257F961800ED28C2 /* CustomTextField.swift */ = {isa = PBXFileReference; lastKnownFileType = sourcecode.swift; path = CustomTextField.swift; sourceTree = "<group>"; };
		C230D7D0257FCB4C00ED28C2 /* GameDetailPresentationTableViewCell.swift */ = {isa = PBXFileReference; lastKnownFileType = sourcecode.swift; path = GameDetailPresentationTableViewCell.swift; sourceTree = "<group>"; };
		C230D7D1257FCB4C00ED28C2 /* GameDetailPresentationTableViewCell.xib */ = {isa = PBXFileReference; lastKnownFileType = file.xib; path = GameDetailPresentationTableViewCell.xib; sourceTree = "<group>"; };
		C230D7D7257FCF5E00ED28C2 /* SummaryTableViewCell.swift */ = {isa = PBXFileReference; lastKnownFileType = sourcecode.swift; path = SummaryTableViewCell.swift; sourceTree = "<group>"; };
		C230D7D8257FCF5E00ED28C2 /* SummaryTableViewCell.xib */ = {isa = PBXFileReference; lastKnownFileType = file.xib; path = SummaryTableViewCell.xib; sourceTree = "<group>"; };
		C230D7E7257FE3FD00ED28C2 /* ScreenShotsTableViewCell.swift */ = {isa = PBXFileReference; lastKnownFileType = sourcecode.swift; path = ScreenShotsTableViewCell.swift; sourceTree = "<group>"; };
		C230D7E8257FE3FD00ED28C2 /* ScreenShotsTableViewCell.xib */ = {isa = PBXFileReference; lastKnownFileType = file.xib; path = ScreenShotsTableViewCell.xib; sourceTree = "<group>"; };
		C230D8212581088600ED28C2 /* AddGameTableViewCell.swift */ = {isa = PBXFileReference; lastKnownFileType = sourcecode.swift; path = AddGameTableViewCell.swift; sourceTree = "<group>"; };
		C230D8222581088600ED28C2 /* AddGameTableViewCell.xib */ = {isa = PBXFileReference; lastKnownFileType = file.xib; path = AddGameTableViewCell.xib; sourceTree = "<group>"; };
		C230D83B2581168800ED28C2 /* CoreDataStack.swift */ = {isa = PBXFileReference; lastKnownFileType = sourcecode.swift; path = CoreDataStack.swift; sourceTree = "<group>"; };
		C230D8632582174A00ED28C2 /* HeaderView.swift */ = {isa = PBXFileReference; lastKnownFileType = sourcecode.swift; path = HeaderView.swift; sourceTree = "<group>"; };
		C230D8682582176300ED28C2 /* HeaderView.xib */ = {isa = PBXFileReference; lastKnownFileType = file.xib; path = HeaderView.xib; sourceTree = "<group>"; };
		C230D875258252D000ED28C2 /* DataStorageError.swift */ = {isa = PBXFileReference; lastKnownFileType = sourcecode.swift; path = DataStorageError.swift; sourceTree = "<group>"; };
		C230D88725826ADE00ED28C2 /* GameModel.swift */ = {isa = PBXFileReference; lastKnownFileType = sourcecode.swift; path = GameModel.swift; sourceTree = "<group>"; };
		C230D89625827C2B00ED28C2 /* ApiConfig.swift */ = {isa = PBXFileReference; lastKnownFileType = sourcecode.swift; path = ApiConfig.swift; sourceTree = "<group>"; };
		C230D89B258362D400ED28C2 /* ReusableView.swift */ = {isa = PBXFileReference; lastKnownFileType = sourcecode.swift; path = ReusableView.swift; sourceTree = "<group>"; };
		C230D8A0258363A000ED28C2 /* Extension+UITableView.swift */ = {isa = PBXFileReference; lastKnownFileType = sourcecode.swift; path = "Extension+UITableView.swift"; sourceTree = "<group>"; };
		C230D8A52583C68300ED28C2 /* Extension+UICollectionView.swift */ = {isa = PBXFileReference; lastKnownFileType = sourcecode.swift; path = "Extension+UICollectionView.swift"; sourceTree = "<group>"; };
		C230D8B02583CBBC00ED28C2 /* Extension+UITableviewCell.swift */ = {isa = PBXFileReference; lastKnownFileType = sourcecode.swift; path = "Extension+UITableviewCell.swift"; sourceTree = "<group>"; };
		C230D8C925849EBF00ED28C2 /* PlayerViewController.swift */ = {isa = PBXFileReference; lastKnownFileType = sourcecode.swift; path = PlayerViewController.swift; sourceTree = "<group>"; };
		C230D8CE2584A69600ED28C2 /* PlayerTableViewCell.swift */ = {isa = PBXFileReference; lastKnownFileType = sourcecode.swift; path = PlayerTableViewCell.swift; sourceTree = "<group>"; };
		C230D8CF2584A69600ED28C2 /* PlayerTableViewCell.xib */ = {isa = PBXFileReference; lastKnownFileType = file.xib; path = PlayerTableViewCell.xib; sourceTree = "<group>"; };
		C230D8EB2588904500ED28C2 /* GameStorage.swift */ = {isa = PBXFileReference; lastKnownFileType = sourcecode.swift; path = GameStorage.swift; sourceTree = "<group>"; };
		C28F820D258A2EBF00480290 /* LibraryViewController.swift */ = {isa = PBXFileReference; lastKnownFileType = sourcecode.swift; path = LibraryViewController.swift; sourceTree = "<group>"; };
		C28F8212258A2ED200480290 /* OwnedGamesViewController.swift */ = {isa = PBXFileReference; lastKnownFileType = sourcecode.swift; path = OwnedGamesViewController.swift; sourceTree = "<group>"; };
		C28F8217258A2EE300480290 /* SearchedGamesViewController.swift */ = {isa = PBXFileReference; lastKnownFileType = sourcecode.swift; path = SearchedGamesViewController.swift; sourceTree = "<group>"; };
		C28F8287258B74CD00480290 /* CustomPicker.swift */ = {isa = PBXFileReference; lastKnownFileType = sourcecode.swift; path = CustomPicker.swift; sourceTree = "<group>"; };
		C28F828C258B74EF00480290 /* CustomPicker.xib */ = {isa = PBXFileReference; lastKnownFileType = file.xib; path = CustomPicker.xib; sourceTree = "<group>"; };
		C28F8297258BCAD800480290 /* TradesViewController.swift */ = {isa = PBXFileReference; lastKnownFileType = sourcecode.swift; path = TradesViewController.swift; sourceTree = "<group>"; };
		C28F829C258BCD4700480290 /* TradeTableViewCell.swift */ = {isa = PBXFileReference; lastKnownFileType = sourcecode.swift; path = TradeTableViewCell.swift; sourceTree = "<group>"; };
		C28F829D258BCD4700480290 /* TradeTableViewCell.xib */ = {isa = PBXFileReference; lastKnownFileType = file.xib; path = TradeTableViewCell.xib; sourceTree = "<group>"; };
		C28F82A3258C876000480290 /* OwnedGameTableViewCell.swift */ = {isa = PBXFileReference; lastKnownFileType = sourcecode.swift; path = OwnedGameTableViewCell.swift; sourceTree = "<group>"; };
		C28F82A4258C876000480290 /* OwnedGameTableViewCell.xib */ = {isa = PBXFileReference; lastKnownFileType = file.xib; path = OwnedGameTableViewCell.xib; sourceTree = "<group>"; };
		C28F82AA258C88A800480290 /* Extension+UIView.swift */ = {isa = PBXFileReference; lastKnownFileType = sourcecode.swift; path = "Extension+UIView.swift"; sourceTree = "<group>"; };
		C28F82B5258C8F8B00480290 /* SearchedGameTableViewCell.swift */ = {isa = PBXFileReference; lastKnownFileType = sourcecode.swift; path = SearchedGameTableViewCell.swift; sourceTree = "<group>"; };
		C28F82B6258C8F8B00480290 /* SearchedGameTableViewCell.xib */ = {isa = PBXFileReference; lastKnownFileType = file.xib; path = SearchedGameTableViewCell.xib; sourceTree = "<group>"; };
		C2B36FAF2573C09D00282E45 /* TradeAndPlay.app */ = {isa = PBXFileReference; explicitFileType = wrapper.application; includeInIndex = 0; path = TradeAndPlay.app; sourceTree = BUILT_PRODUCTS_DIR; };
		C2B36FB22573C09D00282E45 /* AppDelegate.swift */ = {isa = PBXFileReference; lastKnownFileType = sourcecode.swift; path = AppDelegate.swift; sourceTree = "<group>"; };
		C2B36FB42573C09D00282E45 /* SceneDelegate.swift */ = {isa = PBXFileReference; lastKnownFileType = sourcecode.swift; path = SceneDelegate.swift; sourceTree = "<group>"; };
		C2B36FB92573C09D00282E45 /* Base */ = {isa = PBXFileReference; lastKnownFileType = file.storyboard; name = Base; path = Base.lproj/Main.storyboard; sourceTree = "<group>"; };
		C2B36FBC2573C09D00282E45 /* TradeAndPlay.xcdatamodel */ = {isa = PBXFileReference; lastKnownFileType = wrapper.xcdatamodel; path = TradeAndPlay.xcdatamodel; sourceTree = "<group>"; };
		C2B36FBE2573C0A000282E45 /* Assets.xcassets */ = {isa = PBXFileReference; lastKnownFileType = folder.assetcatalog; path = Assets.xcassets; sourceTree = "<group>"; };
		C2B36FC12573C0A000282E45 /* Base */ = {isa = PBXFileReference; lastKnownFileType = file.storyboard; name = Base; path = Base.lproj/LaunchScreen.storyboard; sourceTree = "<group>"; };
		C2B36FC32573C0A000282E45 /* Info.plist */ = {isa = PBXFileReference; lastKnownFileType = text.plist.xml; path = Info.plist; sourceTree = "<group>"; };
		C2B36FC82573C0A100282E45 /* TradeAndPlayTests.xctest */ = {isa = PBXFileReference; explicitFileType = wrapper.cfbundle; includeInIndex = 0; path = TradeAndPlayTests.xctest; sourceTree = BUILT_PRODUCTS_DIR; };
		C2B36FCE2573C0A100282E45 /* Info.plist */ = {isa = PBXFileReference; lastKnownFileType = text.plist.xml; path = Info.plist; sourceTree = "<group>"; };
		C2B36FD32573C0A100282E45 /* TradeAndPlayUITests.xctest */ = {isa = PBXFileReference; explicitFileType = wrapper.cfbundle; includeInIndex = 0; path = TradeAndPlayUITests.xctest; sourceTree = BUILT_PRODUCTS_DIR; };
		C2B36FD72573C0A100282E45 /* TradeAndPlayUITests.swift */ = {isa = PBXFileReference; lastKnownFileType = sourcecode.swift; path = TradeAndPlayUITests.swift; sourceTree = "<group>"; };
		C2B36FD92573C0A100282E45 /* Info.plist */ = {isa = PBXFileReference; lastKnownFileType = text.plist.xml; path = Info.plist; sourceTree = "<group>"; };
		C2B36FF52573E12C00282E45 /* SearchViewController.swift */ = {isa = PBXFileReference; lastKnownFileType = sourcecode.swift; path = SearchViewController.swift; sourceTree = "<group>"; };
		C2B36FFD2574026900282E45 /* ApiKey.swift */ = {isa = PBXFileReference; lastKnownFileType = sourcecode.swift; path = ApiKey.swift; sourceTree = "<group>"; };
		C2B3701325764E2400282E45 /* ApiError.swift */ = {isa = PBXFileReference; lastKnownFileType = sourcecode.swift; path = ApiError.swift; sourceTree = "<group>"; };
		C2B3703F25768C4900282E45 /* IgdbService.swift */ = {isa = PBXFileReference; lastKnownFileType = sourcecode.swift; path = IgdbService.swift; sourceTree = "<group>"; };
		C2B370492576957600282E45 /* TabBarViewController.swift */ = {isa = PBXFileReference; lastKnownFileType = sourcecode.swift; path = TabBarViewController.swift; sourceTree = "<group>"; };
		C2B3704E2576997A00282E45 /* Extension+ViewController.swift */ = {isa = PBXFileReference; lastKnownFileType = sourcecode.swift; path = "Extension+ViewController.swift"; sourceTree = "<group>"; };
		C2B3705325769D1100282E45 /* GamesViewController.swift */ = {isa = PBXFileReference; lastKnownFileType = sourcecode.swift; path = GamesViewController.swift; sourceTree = "<group>"; };
		C2B370582576A68900282E45 /* GameTableViewCell.swift */ = {isa = PBXFileReference; lastKnownFileType = sourcecode.swift; path = GameTableViewCell.swift; sourceTree = "<group>"; };
		C2B370592576A68900282E45 /* GameTableViewCell.xib */ = {isa = PBXFileReference; lastKnownFileType = file.xib; path = GameTableViewCell.xib; sourceTree = "<group>"; };
		C2B370B92577C03700282E45 /* Extension+UIImageView.swift */ = {isa = PBXFileReference; lastKnownFileType = sourcecode.swift; path = "Extension+UIImageView.swift"; sourceTree = "<group>"; };
		C2B370EB257B91BB00282E45 /* GameDetailViewController.swift */ = {isa = PBXFileReference; lastKnownFileType = sourcecode.swift; path = GameDetailViewController.swift; sourceTree = "<group>"; };
		C2B370F0257B953A00282E45 /* GameSearchResult.swift */ = {isa = PBXFileReference; lastKnownFileType = sourcecode.swift; path = GameSearchResult.swift; sourceTree = "<group>"; };
		C2B370F8257BB43300282E45 /* NibView.swift */ = {isa = PBXFileReference; lastKnownFileType = sourcecode.swift; path = NibView.swift; sourceTree = "<group>"; };
		C2B37132257D072D00282E45 /* ScreenshotCollectionViewCell.swift */ = {isa = PBXFileReference; lastKnownFileType = sourcecode.swift; path = ScreenshotCollectionViewCell.swift; sourceTree = "<group>"; };
		C2B37133257D072D00282E45 /* ScreenshotCollectionViewCell.xib */ = {isa = PBXFileReference; lastKnownFileType = file.xib; path = ScreenshotCollectionViewCell.xib; sourceTree = "<group>"; };
		C2B621E925947397003E87CD /* TradeFormViewController.swift */ = {isa = PBXFileReference; lastKnownFileType = sourcecode.swift; path = TradeFormViewController.swift; sourceTree = "<group>"; };
		CA799B7A08DD21B5A5F0CE6B /* Pods-TradeAndPlay-TradeAndPlayUITests.debug.xcconfig */ = {isa = PBXFileReference; includeInIndex = 1; lastKnownFileType = text.xcconfig; name = "Pods-TradeAndPlay-TradeAndPlayUITests.debug.xcconfig"; path = "Target Support Files/Pods-TradeAndPlay-TradeAndPlayUITests/Pods-TradeAndPlay-TradeAndPlayUITests.debug.xcconfig"; sourceTree = "<group>"; };
		D0E4F0DA6F5C2893737F3CF4 /* Pods-TradeAndPlayTests.debug.xcconfig */ = {isa = PBXFileReference; includeInIndex = 1; lastKnownFileType = text.xcconfig; name = "Pods-TradeAndPlayTests.debug.xcconfig"; path = "Target Support Files/Pods-TradeAndPlayTests/Pods-TradeAndPlayTests.debug.xcconfig"; sourceTree = "<group>"; };
/* End PBXFileReference section */

/* Begin PBXFrameworksBuildPhase section */
		C2B36FAC2573C09D00282E45 /* Frameworks */ = {
			isa = PBXFrameworksBuildPhase;
			buildActionMask = 2147483647;
			files = (
				E409C74CAD7510D681025C9F /* Pods_TradeAndPlay.framework in Frameworks */,
			);
			runOnlyForDeploymentPostprocessing = 0;
		};
		C2B36FC52573C0A100282E45 /* Frameworks */ = {
			isa = PBXFrameworksBuildPhase;
			buildActionMask = 2147483647;
			files = (
				89B50B9FAC4C54026F371672 /* Pods_TradeAndPlayTests.framework in Frameworks */,
			);
			runOnlyForDeploymentPostprocessing = 0;
		};
		C2B36FD02573C0A100282E45 /* Frameworks */ = {
			isa = PBXFrameworksBuildPhase;
			buildActionMask = 2147483647;
			files = (
				63905BEF08E8CE5247B83EE5 /* Pods_TradeAndPlay_TradeAndPlayUITests.framework in Frameworks */,
			);
			runOnlyForDeploymentPostprocessing = 0;
		};
/* End PBXFrameworksBuildPhase section */

/* Begin PBXGroup section */
		2F400F451FC365E0D2DC829B /* Frameworks */ = {
			isa = PBXGroup;
			children = (
				38F62D07B27974B77ADBAE91 /* Pods_TradeAndPlay.framework */,
				AEE4DFDF83F4B7B46D9A9E37 /* Pods_TradeAndPlay_TradeAndPlayUITests.framework */,
				AD37F05C46699BF90DA4A187 /* Pods_TradeAndPlayTests.framework */,
			);
			name = Frameworks;
			sourceTree = "<group>";
		};
		C21F845D25978E6C0013A7A4 /* FakeData */ = {
			isa = PBXGroup;
			children = (
				C21F843425974E060013A7A4 /* TestCoreDataStack.swift */,
				C21F8446259786570013A7A4 /* FakeResponseData.swift */,
				C21F8450259787B90013A7A4 /* UrlSessionFake.swift */,
			);
			path = FakeData;
			sourceTree = "<group>";
		};
		C21F845E25978E9D0013A7A4 /* CoreDataTests */ = {
			isa = PBXGroup;
			children = (
				C21F843925974E750013A7A4 /* GameStorageTestCase.swift */,
				C21F844125976E950013A7A4 /* MessageStorageTestCase.swift */,
			);
			path = CoreDataTests;
			sourceTree = "<group>";
		};
		C21F845F25978EB60013A7A4 /* IgdbTests */ = {
			isa = PBXGroup;
			children = (
				C21F8458259788B20013A7A4 /* IgdbServiceTestCase.swift */,
				C21F844B259786DC0013A7A4 /* IGDB.json */,
			);
			path = IgdbTests;
			sourceTree = "<group>";
		};
		C230D79F257F7F0C00ED28C2 /* CustomComponents */ = {
			isa = PBXGroup;
			children = (
				C230D8632582174A00ED28C2 /* HeaderView.swift */,
				C230D8682582176300ED28C2 /* HeaderView.xib */,
				C28F8287258B74CD00480290 /* CustomPicker.swift */,
				C28F828C258B74EF00480290 /* CustomPicker.xib */,
				C230D7BA257F961800ED28C2 /* CustomTextField.swift */,
				C230D7B5257F8ED100ED28C2 /* CustomTextField.xib */,
			);
			path = CustomComponents;
			sourceTree = "<group>";
		};
		C230D7EE257FF23000ED28C2 /* TableViewCells */ = {
			isa = PBXGroup;
			children = (
				C2B370582576A68900282E45 /* GameTableViewCell.swift */,
				C230D7E7257FE3FD00ED28C2 /* ScreenShotsTableViewCell.swift */,
				C230D7D7257FCF5E00ED28C2 /* SummaryTableViewCell.swift */,
				C230D7D0257FCB4C00ED28C2 /* GameDetailPresentationTableViewCell.swift */,
				C230D8212581088600ED28C2 /* AddGameTableViewCell.swift */,
				C230D8CE2584A69600ED28C2 /* PlayerTableViewCell.swift */,
			);
			path = TableViewCells;
			sourceTree = "<group>";
		};
		C230D7EF257FF24300ED28C2 /* CollectionViewCells */ = {
			isa = PBXGroup;
			children = (
				C2B37132257D072D00282E45 /* ScreenshotCollectionViewCell.swift */,
			);
			path = CollectionViewCells;
			sourceTree = "<group>";
		};
		C230D8192580EE5E00ED28C2 /* TableViewCellsXibs */ = {
			isa = PBXGroup;
			children = (
				C230D7E8257FE3FD00ED28C2 /* ScreenShotsTableViewCell.xib */,
				C2B370592576A68900282E45 /* GameTableViewCell.xib */,
				C230D7D8257FCF5E00ED28C2 /* SummaryTableViewCell.xib */,
				C230D8222581088600ED28C2 /* AddGameTableViewCell.xib */,
				C230D8CF2584A69600ED28C2 /* PlayerTableViewCell.xib */,
				C230D7D1257FCB4C00ED28C2 /* GameDetailPresentationTableViewCell.xib */,
			);
			path = TableViewCellsXibs;
			sourceTree = "<group>";
		};
		C230D81A2580EEBF00ED28C2 /* CollectionViewCellsXibs */ = {
			isa = PBXGroup;
			children = (
				C2B37133257D072D00282E45 /* ScreenshotCollectionViewCell.xib */,
			);
			path = CollectionViewCellsXibs;
			sourceTree = "<group>";
		};
		C230D82825810F3400ED28C2 /* SearchTab */ = {
			isa = PBXGroup;
			children = (
				C2B37142257D213700282E45 /* Xibs */,
				C230D7EE257FF23000ED28C2 /* TableViewCells */,
				C230D7EF257FF24300ED28C2 /* CollectionViewCells */,
			);
			path = SearchTab;
			sourceTree = "<group>";
		};
		C230D85025812F5200ED28C2 /* LibraryTab */ = {
			isa = PBXGroup;
			children = (
				C230D8D62584FFA800ED28C2 /* Xibs */,
				C230D8D52584FF6F00ED28C2 /* TableViewCells */,
			);
			path = LibraryTab;
			sourceTree = "<group>";
		};
		C230D88C25826B0700ED28C2 /* Entities */ = {
			isa = PBXGroup;
			children = (
				C2B370F0257B953A00282E45 /* GameSearchResult.swift */,
				C230D88725826ADE00ED28C2 /* GameModel.swift */,
			);
			path = Entities;
			sourceTree = "<group>";
		};
		C230D8D52584FF6F00ED28C2 /* TableViewCells */ = {
			isa = PBXGroup;
			children = (
				C229E676258DEE8A00717707 /* ConversationTableViewCell.swift */,
				C229E67D258E041200717707 /* ReceivedMessageTableViewCell.swift */,
				C229E684258E06E200717707 /* SendingMessageTableViewCell.swift */,
				C28F829C258BCD4700480290 /* TradeTableViewCell.swift */,
				C28F82A3258C876000480290 /* OwnedGameTableViewCell.swift */,
				C28F82B5258C8F8B00480290 /* SearchedGameTableViewCell.swift */,
			);
			path = TableViewCells;
			sourceTree = "<group>";
		};
		C230D8D62584FFA800ED28C2 /* Xibs */ = {
			isa = PBXGroup;
			children = (
				C230D8D82584FFCF00ED28C2 /* TableViewCellXibs */,
			);
			path = Xibs;
			sourceTree = "<group>";
		};
		C230D8D82584FFCF00ED28C2 /* TableViewCellXibs */ = {
			isa = PBXGroup;
			children = (
				C229E677258DEE8A00717707 /* ConversationTableViewCell.xib */,
				C229E685258E06E200717707 /* SendingMessageTableViewCell.xib */,
				C229E67E258E041200717707 /* ReceivedMessageTableViewCell.xib */,
				C28F82B6258C8F8B00480290 /* SearchedGameTableViewCell.xib */,
				C28F829D258BCD4700480290 /* TradeTableViewCell.xib */,
				C28F82A4258C876000480290 /* OwnedGameTableViewCell.xib */,
			);
			path = TableViewCellXibs;
			sourceTree = "<group>";
		};
		C230D8D92585005800ED28C2 /* SearchTab */ = {
			isa = PBXGroup;
			children = (
				C2B36FF52573E12C00282E45 /* SearchViewController.swift */,
				C2B3705325769D1100282E45 /* GamesViewController.swift */,
				C2B370EB257B91BB00282E45 /* GameDetailViewController.swift */,
				C230D8C925849EBF00ED28C2 /* PlayerViewController.swift */,
			);
			path = SearchTab;
			sourceTree = "<group>";
		};
		C230D8DA2585007D00ED28C2 /* LibraryTab */ = {
			isa = PBXGroup;
			children = (
				C229E670258DE42900717707 /* ChatViewController.swift */,
				C229E66A258DE3F500717707 /* ConversationsViewController.swift */,
				C28F820D258A2EBF00480290 /* LibraryViewController.swift */,
				C28F8212258A2ED200480290 /* OwnedGamesViewController.swift */,
				C28F8217258A2EE300480290 /* SearchedGamesViewController.swift */,
				C28F8297258BCAD800480290 /* TradesViewController.swift */,
				C2B621E925947397003E87CD /* TradeFormViewController.swift */,
			);
			path = LibraryTab;
			sourceTree = "<group>";
		};
		C230D8DB258500B000ED28C2 /* API */ = {
			isa = PBXGroup;
			children = (
				C2B36FFD2574026900282E45 /* ApiKey.swift */,
				C230D89625827C2B00ED28C2 /* ApiConfig.swift */,
			);
			path = API;
			sourceTree = "<group>";
		};
		C2B36FA62573C09D00282E45 = {
			isa = PBXGroup;
			children = (
				C2B36FB12573C09D00282E45 /* TradeAndPlay */,
				C2B36FCB2573C0A100282E45 /* TradeAndPlayTests */,
				C2B36FD62573C0A100282E45 /* TradeAndPlayUITests */,
				C2B36FB02573C09D00282E45 /* Products */,
				DD2E249FD503C9ABEF98E562 /* Pods */,
				2F400F451FC365E0D2DC829B /* Frameworks */,
			);
			sourceTree = "<group>";
		};
		C2B36FB02573C09D00282E45 /* Products */ = {
			isa = PBXGroup;
			children = (
				C2B36FAF2573C09D00282E45 /* TradeAndPlay.app */,
				C2B36FC82573C0A100282E45 /* TradeAndPlayTests.xctest */,
				C2B36FD32573C0A100282E45 /* TradeAndPlayUITests.xctest */,
			);
			name = Products;
			sourceTree = "<group>";
		};
		C2B36FB12573C09D00282E45 /* TradeAndPlay */ = {
			isa = PBXGroup;
			children = (
				C2B36FC32573C0A000282E45 /* Info.plist */,
				C2B36FEE2573C10200282E45 /* Supporting files */,
				C2B36FEB2573C0E300282E45 /* Models */,
				C2B36FED2573C0F900282E45 /* Controllers */,
				C2B36FEC2573C0EC00282E45 /* View */,
			);
			path = TradeAndPlay;
			sourceTree = "<group>";
		};
		C2B36FCB2573C0A100282E45 /* TradeAndPlayTests */ = {
			isa = PBXGroup;
			children = (
				C2B36FCE2573C0A100282E45 /* Info.plist */,
				C21F845F25978EB60013A7A4 /* IgdbTests */,
				C21F845D25978E6C0013A7A4 /* FakeData */,
				C21F845E25978E9D0013A7A4 /* CoreDataTests */,
				C21F843325974E060013A7A4 /* TradeAndPlayTests-Bridging-Header.h */,
			);
			path = TradeAndPlayTests;
			sourceTree = "<group>";
		};
		C2B36FD62573C0A100282E45 /* TradeAndPlayUITests */ = {
			isa = PBXGroup;
			children = (
				C2B36FD72573C0A100282E45 /* TradeAndPlayUITests.swift */,
				C2B36FD92573C0A100282E45 /* Info.plist */,
			);
			path = TradeAndPlayUITests;
			sourceTree = "<group>";
		};
		C2B36FEB2573C0E300282E45 /* Models */ = {
			isa = PBXGroup;
			children = (
				C2050C71258FA3AE003C2522 /* FakeUserData.swift */,
				C230D8DB258500B000ED28C2 /* API */,
				C2B3713D257D210B00282E45 /* CoreData */,
				C2B3712B257D06C400282E45 /* Errors */,
				C2B3713E257D212400282E45 /* Services */,
				C230D88C25826B0700ED28C2 /* Entities */,
			);
			path = Models;
			sourceTree = "<group>";
		};
		C2B36FEC2573C0EC00282E45 /* View */ = {
			isa = PBXGroup;
			children = (
				C2B36FB82573C09D00282E45 /* Main.storyboard */,
				C2B36FC02573C0A000282E45 /* LaunchScreen.storyboard */,
				C230D85025812F5200ED28C2 /* LibraryTab */,
				C230D82825810F3400ED28C2 /* SearchTab */,
				C2B37143257D218A00282E45 /* CustomViews */,
				C230D79F257F7F0C00ED28C2 /* CustomComponents */,
				C2B36FBE2573C0A000282E45 /* Assets.xcassets */,
			);
			path = View;
			sourceTree = "<group>";
		};
		C2B36FED2573C0F900282E45 /* Controllers */ = {
			isa = PBXGroup;
			children = (
				C2B370492576957600282E45 /* TabBarViewController.swift */,
				C230D8DA2585007D00ED28C2 /* LibraryTab */,
				C230D8D92585005800ED28C2 /* SearchTab */,
				C2B3713C257D20EE00282E45 /* Extensions */,
			);
			path = Controllers;
			sourceTree = "<group>";
		};
		C2B36FEE2573C10200282E45 /* Supporting files */ = {
			isa = PBXGroup;
			children = (
				C2B36FB22573C09D00282E45 /* AppDelegate.swift */,
				C2B36FB42573C09D00282E45 /* SceneDelegate.swift */,
				C203136C259884BE003C86ED /* InternetConnectionChecker.swift */,
			);
			path = "Supporting files";
			sourceTree = "<group>";
		};
		C2B3712B257D06C400282E45 /* Errors */ = {
			isa = PBXGroup;
			children = (
				C2B3701325764E2400282E45 /* ApiError.swift */,
				C230D875258252D000ED28C2 /* DataStorageError.swift */,
			);
			path = Errors;
			sourceTree = "<group>";
		};
		C2B3713C257D20EE00282E45 /* Extensions */ = {
			isa = PBXGroup;
			children = (
				C2B3704E2576997A00282E45 /* Extension+ViewController.swift */,
				C21F84212597329A0013A7A4 /* Extension+Date.swift */,
				C2B370B92577C03700282E45 /* Extension+UIImageView.swift */,
				C230D8A0258363A000ED28C2 /* Extension+UITableView.swift */,
				C230D8A52583C68300ED28C2 /* Extension+UICollectionView.swift */,
				C230D8B02583CBBC00ED28C2 /* Extension+UITableviewCell.swift */,
				C28F82AA258C88A800480290 /* Extension+UIView.swift */,
			);
			path = Extensions;
			sourceTree = "<group>";
		};
		C2B3713D257D210B00282E45 /* CoreData */ = {
			isa = PBXGroup;
			children = (
				C2B36FBB2573C09D00282E45 /* TradeAndPlay.xcdatamodeld */,
				C230D83B2581168800ED28C2 /* CoreDataStack.swift */,
				C230D8EB2588904500ED28C2 /* GameStorage.swift */,
				C229E665258DDDD800717707 /* MessageStorage.swift */,
			);
			path = CoreData;
			sourceTree = "<group>";
		};
		C2B3713E257D212400282E45 /* Services */ = {
			isa = PBXGroup;
			children = (
				C2B3703F25768C4900282E45 /* IgdbService.swift */,
			);
			path = Services;
			sourceTree = "<group>";
		};
		C2B37142257D213700282E45 /* Xibs */ = {
			isa = PBXGroup;
			children = (
				C230D81A2580EEBF00ED28C2 /* CollectionViewCellsXibs */,
				C230D8192580EE5E00ED28C2 /* TableViewCellsXibs */,
			);
			path = Xibs;
			sourceTree = "<group>";
		};
		C2B37143257D218A00282E45 /* CustomViews */ = {
			isa = PBXGroup;
			children = (
				C2B370F8257BB43300282E45 /* NibView.swift */,
				C230D89B258362D400ED28C2 /* ReusableView.swift */,
			);
			path = CustomViews;
			sourceTree = "<group>";
		};
		DD2E249FD503C9ABEF98E562 /* Pods */ = {
			isa = PBXGroup;
			children = (
				A8C370EBD6B9F5A682053512 /* Pods-TradeAndPlay.debug.xcconfig */,
				1FD3C763B32D954A81B71566 /* Pods-TradeAndPlay.release.xcconfig */,
				CA799B7A08DD21B5A5F0CE6B /* Pods-TradeAndPlay-TradeAndPlayUITests.debug.xcconfig */,
				995CF939F21F79A6EE4E6831 /* Pods-TradeAndPlay-TradeAndPlayUITests.release.xcconfig */,
				D0E4F0DA6F5C2893737F3CF4 /* Pods-TradeAndPlayTests.debug.xcconfig */,
				A9AED606D1AD06A4C0CDBD5D /* Pods-TradeAndPlayTests.release.xcconfig */,
			);
			path = Pods;
			sourceTree = "<group>";
		};
/* End PBXGroup section */

/* Begin PBXNativeTarget section */
		C2B36FAE2573C09D00282E45 /* TradeAndPlay */ = {
			isa = PBXNativeTarget;
			buildConfigurationList = C2B36FDC2573C0A100282E45 /* Build configuration list for PBXNativeTarget "TradeAndPlay" */;
			buildPhases = (
				3F91905A266BC200B1176CE5 /* [CP] Check Pods Manifest.lock */,
				C2B36FAB2573C09D00282E45 /* Sources */,
				C2B36FAC2573C09D00282E45 /* Frameworks */,
				C2B36FAD2573C09D00282E45 /* Resources */,
				7E565620F6B0114437723689 /* [CP] Embed Pods Frameworks */,
			);
			buildRules = (
			);
			dependencies = (
			);
			name = TradeAndPlay;
			productName = TradeAndPlay;
			productReference = C2B36FAF2573C09D00282E45 /* TradeAndPlay.app */;
			productType = "com.apple.product-type.application";
		};
		C2B36FC72573C0A100282E45 /* TradeAndPlayTests */ = {
			isa = PBXNativeTarget;
			buildConfigurationList = C2B36FDF2573C0A100282E45 /* Build configuration list for PBXNativeTarget "TradeAndPlayTests" */;
			buildPhases = (
				3DE57FFBBA78DF66CC5B3E45 /* [CP] Check Pods Manifest.lock */,
				C2B36FC42573C0A100282E45 /* Sources */,
				C2B36FC52573C0A100282E45 /* Frameworks */,
				C2B36FC62573C0A100282E45 /* Resources */,
			);
			buildRules = (
			);
			dependencies = (
				C2B36FCA2573C0A100282E45 /* PBXTargetDependency */,
			);
			name = TradeAndPlayTests;
			productName = TradeAndPlayTests;
			productReference = C2B36FC82573C0A100282E45 /* TradeAndPlayTests.xctest */;
			productType = "com.apple.product-type.bundle.unit-test";
		};
		C2B36FD22573C0A100282E45 /* TradeAndPlayUITests */ = {
			isa = PBXNativeTarget;
			buildConfigurationList = C2B36FE22573C0A100282E45 /* Build configuration list for PBXNativeTarget "TradeAndPlayUITests" */;
			buildPhases = (
				381EB078DD40AE2A8C9465E0 /* [CP] Check Pods Manifest.lock */,
				C2B36FCF2573C0A100282E45 /* Sources */,
				C2B36FD02573C0A100282E45 /* Frameworks */,
				C2B36FD12573C0A100282E45 /* Resources */,
				AD2A41E8F148DA3B265DAC59 /* [CP] Embed Pods Frameworks */,
			);
			buildRules = (
			);
			dependencies = (
				C2B36FD52573C0A100282E45 /* PBXTargetDependency */,
			);
			name = TradeAndPlayUITests;
			productName = TradeAndPlayUITests;
			productReference = C2B36FD32573C0A100282E45 /* TradeAndPlayUITests.xctest */;
			productType = "com.apple.product-type.bundle.ui-testing";
		};
/* End PBXNativeTarget section */

/* Begin PBXProject section */
		C2B36FA72573C09D00282E45 /* Project object */ = {
			isa = PBXProject;
			attributes = {
				LastSwiftUpdateCheck = 1220;
				LastUpgradeCheck = 1220;
				TargetAttributes = {
					C2B36FAE2573C09D00282E45 = {
						CreatedOnToolsVersion = 12.2;
					};
					C2B36FC72573C0A100282E45 = {
						CreatedOnToolsVersion = 12.2;
						LastSwiftMigration = 1220;
						TestTargetID = C2B36FAE2573C09D00282E45;
					};
					C2B36FD22573C0A100282E45 = {
						CreatedOnToolsVersion = 12.2;
						TestTargetID = C2B36FAE2573C09D00282E45;
					};
				};
			};
			buildConfigurationList = C2B36FAA2573C09D00282E45 /* Build configuration list for PBXProject "TradeAndPlay" */;
			compatibilityVersion = "Xcode 9.3";
			developmentRegion = en;
			hasScannedForEncodings = 0;
			knownRegions = (
				en,
				Base,
			);
			mainGroup = C2B36FA62573C09D00282E45;
			productRefGroup = C2B36FB02573C09D00282E45 /* Products */;
			projectDirPath = "";
			projectRoot = "";
			targets = (
				C2B36FAE2573C09D00282E45 /* TradeAndPlay */,
				C2B36FC72573C0A100282E45 /* TradeAndPlayTests */,
				C2B36FD22573C0A100282E45 /* TradeAndPlayUITests */,
			);
		};
/* End PBXProject section */

/* Begin PBXResourcesBuildPhase section */
		C2B36FAD2573C09D00282E45 /* Resources */ = {
			isa = PBXResourcesBuildPhase;
			buildActionMask = 2147483647;
			files = (
				C28F82B8258C8F8B00480290 /* SearchedGameTableViewCell.xib in Resources */,
				C230D7B6257F8ED100ED28C2 /* CustomTextField.xib in Resources */,
				C229E687258E06E200717707 /* SendingMessageTableViewCell.xib in Resources */,
				C230D8D12584A69600ED28C2 /* PlayerTableViewCell.xib in Resources */,
				C28F82A6258C876000480290 /* OwnedGameTableViewCell.xib in Resources */,
				C229E680258E041200717707 /* ReceivedMessageTableViewCell.xib in Resources */,
				C2B36FC22573C0A000282E45 /* LaunchScreen.storyboard in Resources */,
				C230D7EA257FE3FE00ED28C2 /* ScreenShotsTableViewCell.xib in Resources */,
				C2B37135257D072D00282E45 /* ScreenshotCollectionViewCell.xib in Resources */,
				C230D7DA257FCF5E00ED28C2 /* SummaryTableViewCell.xib in Resources */,
				C230D7D3257FCB4C00ED28C2 /* GameDetailPresentationTableViewCell.xib in Resources */,
				C2B36FBF2573C0A000282E45 /* Assets.xcassets in Resources */,
				C28F828D258B74EF00480290 /* CustomPicker.xib in Resources */,
				C28F829F258BCD4700480290 /* TradeTableViewCell.xib in Resources */,
				C2B36FBA2573C09D00282E45 /* Main.storyboard in Resources */,
				C2B3705B2576A68900282E45 /* GameTableViewCell.xib in Resources */,
				C230D8242581088600ED28C2 /* AddGameTableViewCell.xib in Resources */,
				C229E679258DEE8A00717707 /* ConversationTableViewCell.xib in Resources */,
				C230D8692582176300ED28C2 /* HeaderView.xib in Resources */,
			);
			runOnlyForDeploymentPostprocessing = 0;
		};
		C2B36FC62573C0A100282E45 /* Resources */ = {
			isa = PBXResourcesBuildPhase;
			buildActionMask = 2147483647;
			files = (
				C21F844C259786DC0013A7A4 /* IGDB.json in Resources */,
			);
			runOnlyForDeploymentPostprocessing = 0;
		};
		C2B36FD12573C0A100282E45 /* Resources */ = {
			isa = PBXResourcesBuildPhase;
			buildActionMask = 2147483647;
			files = (
			);
			runOnlyForDeploymentPostprocessing = 0;
		};
/* End PBXResourcesBuildPhase section */

/* Begin PBXShellScriptBuildPhase section */
		381EB078DD40AE2A8C9465E0 /* [CP] Check Pods Manifest.lock */ = {
			isa = PBXShellScriptBuildPhase;
			buildActionMask = 2147483647;
			files = (
			);
			inputFileListPaths = (
			);
			inputPaths = (
				"${PODS_PODFILE_DIR_PATH}/Podfile.lock",
				"${PODS_ROOT}/Manifest.lock",
			);
			name = "[CP] Check Pods Manifest.lock";
			outputFileListPaths = (
			);
			outputPaths = (
				"$(DERIVED_FILE_DIR)/Pods-TradeAndPlay-TradeAndPlayUITests-checkManifestLockResult.txt",
			);
			runOnlyForDeploymentPostprocessing = 0;
			shellPath = /bin/sh;
			shellScript = "diff \"${PODS_PODFILE_DIR_PATH}/Podfile.lock\" \"${PODS_ROOT}/Manifest.lock\" > /dev/null\nif [ $? != 0 ] ; then\n    # print error to STDERR\n    echo \"error: The sandbox is not in sync with the Podfile.lock. Run 'pod install' or update your CocoaPods installation.\" >&2\n    exit 1\nfi\n# This output is used by Xcode 'outputs' to avoid re-running this script phase.\necho \"SUCCESS\" > \"${SCRIPT_OUTPUT_FILE_0}\"\n";
			showEnvVarsInLog = 0;
		};
		3DE57FFBBA78DF66CC5B3E45 /* [CP] Check Pods Manifest.lock */ = {
			isa = PBXShellScriptBuildPhase;
			buildActionMask = 2147483647;
			files = (
			);
			inputFileListPaths = (
			);
			inputPaths = (
				"${PODS_PODFILE_DIR_PATH}/Podfile.lock",
				"${PODS_ROOT}/Manifest.lock",
			);
			name = "[CP] Check Pods Manifest.lock";
			outputFileListPaths = (
			);
			outputPaths = (
				"$(DERIVED_FILE_DIR)/Pods-TradeAndPlayTests-checkManifestLockResult.txt",
			);
			runOnlyForDeploymentPostprocessing = 0;
			shellPath = /bin/sh;
			shellScript = "diff \"${PODS_PODFILE_DIR_PATH}/Podfile.lock\" \"${PODS_ROOT}/Manifest.lock\" > /dev/null\nif [ $? != 0 ] ; then\n    # print error to STDERR\n    echo \"error: The sandbox is not in sync with the Podfile.lock. Run 'pod install' or update your CocoaPods installation.\" >&2\n    exit 1\nfi\n# This output is used by Xcode 'outputs' to avoid re-running this script phase.\necho \"SUCCESS\" > \"${SCRIPT_OUTPUT_FILE_0}\"\n";
			showEnvVarsInLog = 0;
		};
		3F91905A266BC200B1176CE5 /* [CP] Check Pods Manifest.lock */ = {
			isa = PBXShellScriptBuildPhase;
			buildActionMask = 2147483647;
			files = (
			);
			inputFileListPaths = (
			);
			inputPaths = (
				"${PODS_PODFILE_DIR_PATH}/Podfile.lock",
				"${PODS_ROOT}/Manifest.lock",
			);
			name = "[CP] Check Pods Manifest.lock";
			outputFileListPaths = (
			);
			outputPaths = (
				"$(DERIVED_FILE_DIR)/Pods-TradeAndPlay-checkManifestLockResult.txt",
			);
			runOnlyForDeploymentPostprocessing = 0;
			shellPath = /bin/sh;
			shellScript = "diff \"${PODS_PODFILE_DIR_PATH}/Podfile.lock\" \"${PODS_ROOT}/Manifest.lock\" > /dev/null\nif [ $? != 0 ] ; then\n    # print error to STDERR\n    echo \"error: The sandbox is not in sync with the Podfile.lock. Run 'pod install' or update your CocoaPods installation.\" >&2\n    exit 1\nfi\n# This output is used by Xcode 'outputs' to avoid re-running this script phase.\necho \"SUCCESS\" > \"${SCRIPT_OUTPUT_FILE_0}\"\n";
			showEnvVarsInLog = 0;
		};
		7E565620F6B0114437723689 /* [CP] Embed Pods Frameworks */ = {
			isa = PBXShellScriptBuildPhase;
			buildActionMask = 2147483647;
			files = (
			);
			inputFileListPaths = (
				"${PODS_ROOT}/Target Support Files/Pods-TradeAndPlay/Pods-TradeAndPlay-frameworks-${CONFIGURATION}-input-files.xcfilelist",
			);
			name = "[CP] Embed Pods Frameworks";
			outputFileListPaths = (
				"${PODS_ROOT}/Target Support Files/Pods-TradeAndPlay/Pods-TradeAndPlay-frameworks-${CONFIGURATION}-output-files.xcfilelist",
			);
			runOnlyForDeploymentPostprocessing = 0;
			shellPath = /bin/sh;
			shellScript = "\"${PODS_ROOT}/Target Support Files/Pods-TradeAndPlay/Pods-TradeAndPlay-frameworks.sh\"\n";
			showEnvVarsInLog = 0;
		};
		AD2A41E8F148DA3B265DAC59 /* [CP] Embed Pods Frameworks */ = {
			isa = PBXShellScriptBuildPhase;
			buildActionMask = 2147483647;
			files = (
			);
			inputFileListPaths = (
				"${PODS_ROOT}/Target Support Files/Pods-TradeAndPlay-TradeAndPlayUITests/Pods-TradeAndPlay-TradeAndPlayUITests-frameworks-${CONFIGURATION}-input-files.xcfilelist",
			);
			name = "[CP] Embed Pods Frameworks";
			outputFileListPaths = (
				"${PODS_ROOT}/Target Support Files/Pods-TradeAndPlay-TradeAndPlayUITests/Pods-TradeAndPlay-TradeAndPlayUITests-frameworks-${CONFIGURATION}-output-files.xcfilelist",
			);
			runOnlyForDeploymentPostprocessing = 0;
			shellPath = /bin/sh;
			shellScript = "\"${PODS_ROOT}/Target Support Files/Pods-TradeAndPlay-TradeAndPlayUITests/Pods-TradeAndPlay-TradeAndPlayUITests-frameworks.sh\"\n";
			showEnvVarsInLog = 0;
		};
/* End PBXShellScriptBuildPhase section */

/* Begin PBXSourcesBuildPhase section */
		C2B36FAB2573C09D00282E45 /* Sources */ = {
			isa = PBXSourcesBuildPhase;
			buildActionMask = 2147483647;
			files = (
				C229E686258E06E200717707 /* SendingMessageTableViewCell.swift in Sources */,
				C2050C72258FA3AE003C2522 /* FakeUserData.swift in Sources */,
				C2B3705A2576A68900282E45 /* GameTableViewCell.swift in Sources */,
				C2B621EA25947397003E87CD /* TradeFormViewController.swift in Sources */,
				C230D89C258362D400ED28C2 /* ReusableView.swift in Sources */,
				C2B370EC257B91BB00282E45 /* GameDetailViewController.swift in Sources */,
				C28F829E258BCD4700480290 /* TradeTableViewCell.swift in Sources */,
				C2B37134257D072D00282E45 /* ScreenshotCollectionViewCell.swift in Sources */,
				C28F820E258A2EBF00480290 /* LibraryViewController.swift in Sources */,
				C230D8B12583CBBC00ED28C2 /* Extension+UITableviewCell.swift in Sources */,
				C230D8D02584A69600ED28C2 /* PlayerTableViewCell.swift in Sources */,
				C229E678258DEE8A00717707 /* ConversationTableViewCell.swift in Sources */,
				C230D876258252D000ED28C2 /* DataStorageError.swift in Sources */,
				C230D8CA25849EBF00ED28C2 /* PlayerViewController.swift in Sources */,
				C2B36FFE2574026900282E45 /* ApiKey.swift in Sources */,
				C229E671258DE42900717707 /* ChatViewController.swift in Sources */,
				C2B36FB32573C09D00282E45 /* AppDelegate.swift in Sources */,
				C230D8EC2588904500ED28C2 /* GameStorage.swift in Sources */,
				C28F82B7258C8F8B00480290 /* SearchedGameTableViewCell.swift in Sources */,
				C2B3705425769D1100282E45 /* GamesViewController.swift in Sources */,
				C203136D259884BE003C86ED /* InternetConnectionChecker.swift in Sources */,
				C230D89725827C2B00ED28C2 /* ApiConfig.swift in Sources */,
				C2B370F1257B953A00282E45 /* GameSearchResult.swift in Sources */,
				C229E66B258DE3F500717707 /* ConversationsViewController.swift in Sources */,
				C230D7D9257FCF5E00ED28C2 /* SummaryTableViewCell.swift in Sources */,
				C21F84222597329A0013A7A4 /* Extension+Date.swift in Sources */,
				C2B3704F2576997A00282E45 /* Extension+ViewController.swift in Sources */,
				C2B3704025768C4900282E45 /* IgdbService.swift in Sources */,
				C2B370BA2577C03700282E45 /* Extension+UIImageView.swift in Sources */,
				C28F82AB258C88A800480290 /* Extension+UIView.swift in Sources */,
				C2B36FBD2573C09D00282E45 /* TradeAndPlay.xcdatamodeld in Sources */,
				C230D8A62583C68300ED28C2 /* Extension+UICollectionView.swift in Sources */,
				C2B3701425764E2400282E45 /* ApiError.swift in Sources */,
				C230D7E9257FE3FE00ED28C2 /* ScreenShotsTableViewCell.swift in Sources */,
				C230D7BB257F961800ED28C2 /* CustomTextField.swift in Sources */,
				C2B36FF62573E12C00282E45 /* SearchViewController.swift in Sources */,
				C28F8288258B74CD00480290 /* CustomPicker.swift in Sources */,
				C230D88825826ADE00ED28C2 /* GameModel.swift in Sources */,
				C229E666258DDDD800717707 /* MessageStorage.swift in Sources */,
				C28F8213258A2ED200480290 /* OwnedGamesViewController.swift in Sources */,
				C230D8642582174A00ED28C2 /* HeaderView.swift in Sources */,
				C2B3704A2576957600282E45 /* TabBarViewController.swift in Sources */,
				C229E67F258E041200717707 /* ReceivedMessageTableViewCell.swift in Sources */,
				C230D8A1258363A000ED28C2 /* Extension+UITableView.swift in Sources */,
				C230D8232581088600ED28C2 /* AddGameTableViewCell.swift in Sources */,
				C230D83C2581168800ED28C2 /* CoreDataStack.swift in Sources */,
				C28F8218258A2EE400480290 /* SearchedGamesViewController.swift in Sources */,
				C28F82A5258C876000480290 /* OwnedGameTableViewCell.swift in Sources */,
				C2B370F9257BB43300282E45 /* NibView.swift in Sources */,
				C230D7D2257FCB4C00ED28C2 /* GameDetailPresentationTableViewCell.swift in Sources */,
				C2B36FB52573C09D00282E45 /* SceneDelegate.swift in Sources */,
				C28F8298258BCAD900480290 /* TradesViewController.swift in Sources */,
			);
			runOnlyForDeploymentPostprocessing = 0;
		};
		C2B36FC42573C0A100282E45 /* Sources */ = {
			isa = PBXSourcesBuildPhase;
			buildActionMask = 2147483647;
			files = (
				C21F844225976E950013A7A4 /* MessageStorageTestCase.swift in Sources */,
				C21F8451259787B90013A7A4 /* UrlSessionFake.swift in Sources */,
				C21F8447259786570013A7A4 /* FakeResponseData.swift in Sources */,
				C21F8459259788B20013A7A4 /* IgdbServiceTestCase.swift in Sources */,
				C21F843A25974E750013A7A4 /* GameStorageTestCase.swift in Sources */,
				C21F843525974E060013A7A4 /* TestCoreDataStack.swift in Sources */,
			);
			runOnlyForDeploymentPostprocessing = 0;
		};
		C2B36FCF2573C0A100282E45 /* Sources */ = {
			isa = PBXSourcesBuildPhase;
			buildActionMask = 2147483647;
			files = (
				C2B36FD82573C0A100282E45 /* TradeAndPlayUITests.swift in Sources */,
			);
			runOnlyForDeploymentPostprocessing = 0;
		};
/* End PBXSourcesBuildPhase section */

/* Begin PBXTargetDependency section */
		C2B36FCA2573C0A100282E45 /* PBXTargetDependency */ = {
			isa = PBXTargetDependency;
			target = C2B36FAE2573C09D00282E45 /* TradeAndPlay */;
			targetProxy = C2B36FC92573C0A100282E45 /* PBXContainerItemProxy */;
		};
		C2B36FD52573C0A100282E45 /* PBXTargetDependency */ = {
			isa = PBXTargetDependency;
			target = C2B36FAE2573C09D00282E45 /* TradeAndPlay */;
			targetProxy = C2B36FD42573C0A100282E45 /* PBXContainerItemProxy */;
		};
/* End PBXTargetDependency section */

/* Begin PBXVariantGroup section */
		C2B36FB82573C09D00282E45 /* Main.storyboard */ = {
			isa = PBXVariantGroup;
			children = (
				C2B36FB92573C09D00282E45 /* Base */,
			);
			name = Main.storyboard;
			sourceTree = "<group>";
		};
		C2B36FC02573C0A000282E45 /* LaunchScreen.storyboard */ = {
			isa = PBXVariantGroup;
			children = (
				C2B36FC12573C0A000282E45 /* Base */,
			);
			name = LaunchScreen.storyboard;
			sourceTree = "<group>";
		};
/* End PBXVariantGroup section */

/* Begin XCBuildConfiguration section */
		C2B36FDA2573C0A100282E45 /* Debug */ = {
			isa = XCBuildConfiguration;
			buildSettings = {
				ALWAYS_SEARCH_USER_PATHS = NO;
				CLANG_ANALYZER_NONNULL = YES;
				CLANG_ANALYZER_NUMBER_OBJECT_CONVERSION = YES_AGGRESSIVE;
				CLANG_CXX_LANGUAGE_STANDARD = "gnu++14";
				CLANG_CXX_LIBRARY = "libc++";
				CLANG_ENABLE_MODULES = YES;
				CLANG_ENABLE_OBJC_ARC = YES;
				CLANG_ENABLE_OBJC_WEAK = YES;
				CLANG_WARN_BLOCK_CAPTURE_AUTORELEASING = YES;
				CLANG_WARN_BOOL_CONVERSION = YES;
				CLANG_WARN_COMMA = YES;
				CLANG_WARN_CONSTANT_CONVERSION = YES;
				CLANG_WARN_DEPRECATED_OBJC_IMPLEMENTATIONS = YES;
				CLANG_WARN_DIRECT_OBJC_ISA_USAGE = YES_ERROR;
				CLANG_WARN_DOCUMENTATION_COMMENTS = YES;
				CLANG_WARN_EMPTY_BODY = YES;
				CLANG_WARN_ENUM_CONVERSION = YES;
				CLANG_WARN_INFINITE_RECURSION = YES;
				CLANG_WARN_INT_CONVERSION = YES;
				CLANG_WARN_NON_LITERAL_NULL_CONVERSION = YES;
				CLANG_WARN_OBJC_IMPLICIT_RETAIN_SELF = YES;
				CLANG_WARN_OBJC_LITERAL_CONVERSION = YES;
				CLANG_WARN_OBJC_ROOT_CLASS = YES_ERROR;
				CLANG_WARN_QUOTED_INCLUDE_IN_FRAMEWORK_HEADER = YES;
				CLANG_WARN_RANGE_LOOP_ANALYSIS = YES;
				CLANG_WARN_STRICT_PROTOTYPES = YES;
				CLANG_WARN_SUSPICIOUS_MOVE = YES;
				CLANG_WARN_UNGUARDED_AVAILABILITY = YES_AGGRESSIVE;
				CLANG_WARN_UNREACHABLE_CODE = YES;
				CLANG_WARN__DUPLICATE_METHOD_MATCH = YES;
				COPY_PHASE_STRIP = NO;
				DEBUG_INFORMATION_FORMAT = dwarf;
				ENABLE_STRICT_OBJC_MSGSEND = YES;
				ENABLE_TESTABILITY = YES;
				GCC_C_LANGUAGE_STANDARD = gnu11;
				GCC_DYNAMIC_NO_PIC = NO;
				GCC_NO_COMMON_BLOCKS = YES;
				GCC_OPTIMIZATION_LEVEL = 0;
				GCC_PREPROCESSOR_DEFINITIONS = (
					"DEBUG=1",
					"$(inherited)",
				);
				GCC_WARN_64_TO_32_BIT_CONVERSION = YES;
				GCC_WARN_ABOUT_RETURN_TYPE = YES_ERROR;
				GCC_WARN_UNDECLARED_SELECTOR = YES;
				GCC_WARN_UNINITIALIZED_AUTOS = YES_AGGRESSIVE;
				GCC_WARN_UNUSED_FUNCTION = YES;
				GCC_WARN_UNUSED_VARIABLE = YES;
				IPHONEOS_DEPLOYMENT_TARGET = 10.0;
				MTL_ENABLE_DEBUG_INFO = INCLUDE_SOURCE;
				MTL_FAST_MATH = YES;
				ONLY_ACTIVE_ARCH = YES;
				SDKROOT = iphoneos;
				SWIFT_ACTIVE_COMPILATION_CONDITIONS = DEBUG;
				SWIFT_OPTIMIZATION_LEVEL = "-Onone";
			};
			name = Debug;
		};
		C2B36FDB2573C0A100282E45 /* Release */ = {
			isa = XCBuildConfiguration;
			buildSettings = {
				ALWAYS_SEARCH_USER_PATHS = NO;
				CLANG_ANALYZER_NONNULL = YES;
				CLANG_ANALYZER_NUMBER_OBJECT_CONVERSION = YES_AGGRESSIVE;
				CLANG_CXX_LANGUAGE_STANDARD = "gnu++14";
				CLANG_CXX_LIBRARY = "libc++";
				CLANG_ENABLE_MODULES = YES;
				CLANG_ENABLE_OBJC_ARC = YES;
				CLANG_ENABLE_OBJC_WEAK = YES;
				CLANG_WARN_BLOCK_CAPTURE_AUTORELEASING = YES;
				CLANG_WARN_BOOL_CONVERSION = YES;
				CLANG_WARN_COMMA = YES;
				CLANG_WARN_CONSTANT_CONVERSION = YES;
				CLANG_WARN_DEPRECATED_OBJC_IMPLEMENTATIONS = YES;
				CLANG_WARN_DIRECT_OBJC_ISA_USAGE = YES_ERROR;
				CLANG_WARN_DOCUMENTATION_COMMENTS = YES;
				CLANG_WARN_EMPTY_BODY = YES;
				CLANG_WARN_ENUM_CONVERSION = YES;
				CLANG_WARN_INFINITE_RECURSION = YES;
				CLANG_WARN_INT_CONVERSION = YES;
				CLANG_WARN_NON_LITERAL_NULL_CONVERSION = YES;
				CLANG_WARN_OBJC_IMPLICIT_RETAIN_SELF = YES;
				CLANG_WARN_OBJC_LITERAL_CONVERSION = YES;
				CLANG_WARN_OBJC_ROOT_CLASS = YES_ERROR;
				CLANG_WARN_QUOTED_INCLUDE_IN_FRAMEWORK_HEADER = YES;
				CLANG_WARN_RANGE_LOOP_ANALYSIS = YES;
				CLANG_WARN_STRICT_PROTOTYPES = YES;
				CLANG_WARN_SUSPICIOUS_MOVE = YES;
				CLANG_WARN_UNGUARDED_AVAILABILITY = YES_AGGRESSIVE;
				CLANG_WARN_UNREACHABLE_CODE = YES;
				CLANG_WARN__DUPLICATE_METHOD_MATCH = YES;
				COPY_PHASE_STRIP = NO;
				DEBUG_INFORMATION_FORMAT = "dwarf-with-dsym";
				ENABLE_NS_ASSERTIONS = NO;
				ENABLE_STRICT_OBJC_MSGSEND = YES;
				GCC_C_LANGUAGE_STANDARD = gnu11;
				GCC_NO_COMMON_BLOCKS = YES;
				GCC_WARN_64_TO_32_BIT_CONVERSION = YES;
				GCC_WARN_ABOUT_RETURN_TYPE = YES_ERROR;
				GCC_WARN_UNDECLARED_SELECTOR = YES;
				GCC_WARN_UNINITIALIZED_AUTOS = YES_AGGRESSIVE;
				GCC_WARN_UNUSED_FUNCTION = YES;
				GCC_WARN_UNUSED_VARIABLE = YES;
				IPHONEOS_DEPLOYMENT_TARGET = 10.0;
				MTL_ENABLE_DEBUG_INFO = NO;
				MTL_FAST_MATH = YES;
				SDKROOT = iphoneos;
				SWIFT_COMPILATION_MODE = wholemodule;
				SWIFT_OPTIMIZATION_LEVEL = "-O";
				VALIDATE_PRODUCT = YES;
			};
			name = Release;
		};
		C2B36FDD2573C0A100282E45 /* Debug */ = {
			isa = XCBuildConfiguration;
			baseConfigurationReference = A8C370EBD6B9F5A682053512 /* Pods-TradeAndPlay.debug.xcconfig */;
			buildSettings = {
				ASSETCATALOG_COMPILER_APPICON_NAME = AppIcon;
				ASSETCATALOG_COMPILER_GLOBAL_ACCENT_COLOR_NAME = AccentColor;
				CODE_SIGN_STYLE = Automatic;
				DEVELOPMENT_TEAM = PTPRZC36QH;
				INFOPLIST_FILE = TradeAndPlay/Info.plist;
				IPHONEOS_DEPLOYMENT_TARGET = 11.0;
				LD_RUNPATH_SEARCH_PATHS = (
					"$(inherited)",
					"@executable_path/Frameworks",
				);
				PRODUCT_BUNDLE_IDENTIFIER = com.marwen.TradeAndPlay;
				PRODUCT_NAME = "$(TARGET_NAME)";
				SWIFT_VERSION = 5.0;
				TARGETED_DEVICE_FAMILY = 1;
			};
			name = Debug;
		};
		C2B36FDE2573C0A100282E45 /* Release */ = {
			isa = XCBuildConfiguration;
			baseConfigurationReference = 1FD3C763B32D954A81B71566 /* Pods-TradeAndPlay.release.xcconfig */;
			buildSettings = {
				ASSETCATALOG_COMPILER_APPICON_NAME = AppIcon;
				ASSETCATALOG_COMPILER_GLOBAL_ACCENT_COLOR_NAME = AccentColor;
				CODE_SIGN_STYLE = Automatic;
				DEVELOPMENT_TEAM = PTPRZC36QH;
				INFOPLIST_FILE = TradeAndPlay/Info.plist;
				IPHONEOS_DEPLOYMENT_TARGET = 11.0;
				LD_RUNPATH_SEARCH_PATHS = (
					"$(inherited)",
					"@executable_path/Frameworks",
				);
				PRODUCT_BUNDLE_IDENTIFIER = com.marwen.TradeAndPlay;
				PRODUCT_NAME = "$(TARGET_NAME)";
				SWIFT_VERSION = 5.0;
				TARGETED_DEVICE_FAMILY = 1;
			};
			name = Release;
		};
		C2B36FE02573C0A100282E45 /* Debug */ = {
			isa = XCBuildConfiguration;
			baseConfigurationReference = D0E4F0DA6F5C2893737F3CF4 /* Pods-TradeAndPlayTests.debug.xcconfig */;
			buildSettings = {
				ALWAYS_EMBED_SWIFT_STANDARD_LIBRARIES = YES;
				BUNDLE_LOADER = "$(TEST_HOST)";
				CLANG_ENABLE_MODULES = YES;
				CODE_SIGN_STYLE = Automatic;
				DEVELOPMENT_TEAM = PTPRZC36QH;
				INFOPLIST_FILE = TradeAndPlayTests/Info.plist;
				IPHONEOS_DEPLOYMENT_TARGET = 11.0;
				LD_RUNPATH_SEARCH_PATHS = (
					"$(inherited)",
					"@executable_path/Frameworks",
					"@loader_path/Frameworks",
				);
				PRODUCT_BUNDLE_IDENTIFIER = com.marwen.TradeAndPlayTests;
				PRODUCT_NAME = "$(TARGET_NAME)";
				SWIFT_OBJC_BRIDGING_HEADER = "TradeAndPlayTests/TradeAndPlayTests-Bridging-Header.h";
				SWIFT_OPTIMIZATION_LEVEL = "-Onone";
				SWIFT_VERSION = 5.0;
				TARGETED_DEVICE_FAMILY = "1,2";
				TEST_HOST = "$(BUILT_PRODUCTS_DIR)/TradeAndPlay.app/TradeAndPlay";
			};
			name = Debug;
		};
		C2B36FE12573C0A100282E45 /* Release */ = {
			isa = XCBuildConfiguration;
			baseConfigurationReference = A9AED606D1AD06A4C0CDBD5D /* Pods-TradeAndPlayTests.release.xcconfig */;
			buildSettings = {
				ALWAYS_EMBED_SWIFT_STANDARD_LIBRARIES = YES;
				BUNDLE_LOADER = "$(TEST_HOST)";
				CLANG_ENABLE_MODULES = YES;
				CODE_SIGN_STYLE = Automatic;
				DEVELOPMENT_TEAM = PTPRZC36QH;
				INFOPLIST_FILE = TradeAndPlayTests/Info.plist;
				IPHONEOS_DEPLOYMENT_TARGET = 11.0;
				LD_RUNPATH_SEARCH_PATHS = (
					"$(inherited)",
					"@executable_path/Frameworks",
					"@loader_path/Frameworks",
				);
				PRODUCT_BUNDLE_IDENTIFIER = com.marwen.TradeAndPlayTests;
				PRODUCT_NAME = "$(TARGET_NAME)";
				SWIFT_OBJC_BRIDGING_HEADER = "TradeAndPlayTests/TradeAndPlayTests-Bridging-Header.h";
				SWIFT_VERSION = 5.0;
				TARGETED_DEVICE_FAMILY = "1,2";
				TEST_HOST = "$(BUILT_PRODUCTS_DIR)/TradeAndPlay.app/TradeAndPlay";
			};
			name = Release;
		};
		C2B36FE32573C0A100282E45 /* Debug */ = {
			isa = XCBuildConfiguration;
			baseConfigurationReference = CA799B7A08DD21B5A5F0CE6B /* Pods-TradeAndPlay-TradeAndPlayUITests.debug.xcconfig */;
			buildSettings = {
				ALWAYS_EMBED_SWIFT_STANDARD_LIBRARIES = YES;
				CODE_SIGN_STYLE = Automatic;
				DEVELOPMENT_TEAM = PTPRZC36QH;
				INFOPLIST_FILE = TradeAndPlayUITests/Info.plist;
				LD_RUNPATH_SEARCH_PATHS = (
					"$(inherited)",
					"@executable_path/Frameworks",
					"@loader_path/Frameworks",
				);
				PRODUCT_BUNDLE_IDENTIFIER = com.marwen.TradeAndPlayUITests;
				PRODUCT_NAME = "$(TARGET_NAME)";
				SWIFT_VERSION = 5.0;
				TARGETED_DEVICE_FAMILY = "1,2";
				TEST_TARGET_NAME = TradeAndPlay;
			};
			name = Debug;
		};
		C2B36FE42573C0A100282E45 /* Release */ = {
			isa = XCBuildConfiguration;
			baseConfigurationReference = 995CF939F21F79A6EE4E6831 /* Pods-TradeAndPlay-TradeAndPlayUITests.release.xcconfig */;
			buildSettings = {
				ALWAYS_EMBED_SWIFT_STANDARD_LIBRARIES = YES;
				CODE_SIGN_STYLE = Automatic;
				DEVELOPMENT_TEAM = PTPRZC36QH;
				INFOPLIST_FILE = TradeAndPlayUITests/Info.plist;
				LD_RUNPATH_SEARCH_PATHS = (
					"$(inherited)",
					"@executable_path/Frameworks",
					"@loader_path/Frameworks",
				);
				PRODUCT_BUNDLE_IDENTIFIER = com.marwen.TradeAndPlayUITests;
				PRODUCT_NAME = "$(TARGET_NAME)";
				SWIFT_VERSION = 5.0;
				TARGETED_DEVICE_FAMILY = "1,2";
				TEST_TARGET_NAME = TradeAndPlay;
			};
			name = Release;
		};
/* End XCBuildConfiguration section */

/* Begin XCConfigurationList section */
		C2B36FAA2573C09D00282E45 /* Build configuration list for PBXProject "TradeAndPlay" */ = {
			isa = XCConfigurationList;
			buildConfigurations = (
				C2B36FDA2573C0A100282E45 /* Debug */,
				C2B36FDB2573C0A100282E45 /* Release */,
			);
			defaultConfigurationIsVisible = 0;
			defaultConfigurationName = Release;
		};
		C2B36FDC2573C0A100282E45 /* Build configuration list for PBXNativeTarget "TradeAndPlay" */ = {
			isa = XCConfigurationList;
			buildConfigurations = (
				C2B36FDD2573C0A100282E45 /* Debug */,
				C2B36FDE2573C0A100282E45 /* Release */,
			);
			defaultConfigurationIsVisible = 0;
			defaultConfigurationName = Release;
		};
		C2B36FDF2573C0A100282E45 /* Build configuration list for PBXNativeTarget "TradeAndPlayTests" */ = {
			isa = XCConfigurationList;
			buildConfigurations = (
				C2B36FE02573C0A100282E45 /* Debug */,
				C2B36FE12573C0A100282E45 /* Release */,
			);
			defaultConfigurationIsVisible = 0;
			defaultConfigurationName = Release;
		};
		C2B36FE22573C0A100282E45 /* Build configuration list for PBXNativeTarget "TradeAndPlayUITests" */ = {
			isa = XCConfigurationList;
			buildConfigurations = (
				C2B36FE32573C0A100282E45 /* Debug */,
				C2B36FE42573C0A100282E45 /* Release */,
			);
			defaultConfigurationIsVisible = 0;
			defaultConfigurationName = Release;
		};
/* End XCConfigurationList section */

/* Begin XCVersionGroup section */
		C2B36FBB2573C09D00282E45 /* TradeAndPlay.xcdatamodeld */ = {
			isa = XCVersionGroup;
			children = (
				C2B36FBC2573C09D00282E45 /* TradeAndPlay.xcdatamodel */,
			);
			currentVersion = C2B36FBC2573C09D00282E45 /* TradeAndPlay.xcdatamodel */;
			path = TradeAndPlay.xcdatamodeld;
			sourceTree = "<group>";
			versionGroupType = wrapper.xcdatamodel;
		};
/* End XCVersionGroup section */
	};
	rootObject = C2B36FA72573C09D00282E45 /* Project object */;
}
