// !$*UTF8*$!
{
	archiveVersion = 1;
	classes = {
	};
	objectVersion = 50;
	objects = {

/* Begin PBXBuildFile section */
		C230D7A1257F7F2A00ED28C2 /* RoundButton.swift in Sources */ = {isa = PBXBuildFile; fileRef = C230D7A0257F7F2A00ED28C2 /* RoundButton.swift */; };
		C230D7A9257F881A00ED28C2 /* RoundLabel.swift in Sources */ = {isa = PBXBuildFile; fileRef = C230D7A8257F881A00ED28C2 /* RoundLabel.swift */; };
		C230D7B6257F8ED100ED28C2 /* CustomTextField.xib in Resources */ = {isa = PBXBuildFile; fileRef = C230D7B5257F8ED100ED28C2 /* CustomTextField.xib */; };
		C230D7BB257F961800ED28C2 /* CustomTextField.swift in Sources */ = {isa = PBXBuildFile; fileRef = C230D7BA257F961800ED28C2 /* CustomTextField.swift */; };
		C230D7D2257FCB4C00ED28C2 /* GameDetailPresentationTableViewCell.swift in Sources */ = {isa = PBXBuildFile; fileRef = C230D7D0257FCB4C00ED28C2 /* GameDetailPresentationTableViewCell.swift */; };
		C230D7D3257FCB4C00ED28C2 /* GameDetailPresentationTableViewCell.xib in Resources */ = {isa = PBXBuildFile; fileRef = C230D7D1257FCB4C00ED28C2 /* GameDetailPresentationTableViewCell.xib */; };
		C230D7D9257FCF5E00ED28C2 /* SummaryTableViewCell.swift in Sources */ = {isa = PBXBuildFile; fileRef = C230D7D7257FCF5E00ED28C2 /* SummaryTableViewCell.swift */; };
		C230D7DA257FCF5E00ED28C2 /* SummaryTableViewCell.xib in Resources */ = {isa = PBXBuildFile; fileRef = C230D7D8257FCF5E00ED28C2 /* SummaryTableViewCell.xib */; };
		C230D7E9257FE3FE00ED28C2 /* ScreenShotsTableViewCell.swift in Sources */ = {isa = PBXBuildFile; fileRef = C230D7E7257FE3FD00ED28C2 /* ScreenShotsTableViewCell.swift */; };
		C230D7EA257FE3FE00ED28C2 /* ScreenShotsTableViewCell.xib in Resources */ = {isa = PBXBuildFile; fileRef = C230D7E8257FE3FD00ED28C2 /* ScreenShotsTableViewCell.xib */; };
		C230D7F8257FF2A400ED28C2 /* PlatformsTableViewCell.swift in Sources */ = {isa = PBXBuildFile; fileRef = C230D7F6257FF2A400ED28C2 /* PlatformsTableViewCell.swift */; };
		C230D7F9257FF2A400ED28C2 /* PlatformsTableViewCell.xib in Resources */ = {isa = PBXBuildFile; fileRef = C230D7F7257FF2A400ED28C2 /* PlatformsTableViewCell.xib */; };
		C230D8232581088600ED28C2 /* AddGameTableViewCell.swift in Sources */ = {isa = PBXBuildFile; fileRef = C230D8212581088600ED28C2 /* AddGameTableViewCell.swift */; };
		C230D8242581088600ED28C2 /* AddGameTableViewCell.xib in Resources */ = {isa = PBXBuildFile; fileRef = C230D8222581088600ED28C2 /* AddGameTableViewCell.xib */; };
		C2B36FB32573C09D00282E45 /* AppDelegate.swift in Sources */ = {isa = PBXBuildFile; fileRef = C2B36FB22573C09D00282E45 /* AppDelegate.swift */; };
		C2B36FB52573C09D00282E45 /* SceneDelegate.swift in Sources */ = {isa = PBXBuildFile; fileRef = C2B36FB42573C09D00282E45 /* SceneDelegate.swift */; };
		C2B36FBA2573C09D00282E45 /* Main.storyboard in Resources */ = {isa = PBXBuildFile; fileRef = C2B36FB82573C09D00282E45 /* Main.storyboard */; };
		C2B36FBD2573C09D00282E45 /* TradeAndPlay.xcdatamodeld in Sources */ = {isa = PBXBuildFile; fileRef = C2B36FBB2573C09D00282E45 /* TradeAndPlay.xcdatamodeld */; };
		C2B36FBF2573C0A000282E45 /* Assets.xcassets in Resources */ = {isa = PBXBuildFile; fileRef = C2B36FBE2573C0A000282E45 /* Assets.xcassets */; };
		C2B36FC22573C0A000282E45 /* LaunchScreen.storyboard in Resources */ = {isa = PBXBuildFile; fileRef = C2B36FC02573C0A000282E45 /* LaunchScreen.storyboard */; };
		C2B36FCD2573C0A100282E45 /* TradeAndPlayTests.swift in Sources */ = {isa = PBXBuildFile; fileRef = C2B36FCC2573C0A100282E45 /* TradeAndPlayTests.swift */; };
		C2B36FD82573C0A100282E45 /* TradeAndPlayUITests.swift in Sources */ = {isa = PBXBuildFile; fileRef = C2B36FD72573C0A100282E45 /* TradeAndPlayUITests.swift */; };
		C2B36FF62573E12C00282E45 /* SearchViewController.swift in Sources */ = {isa = PBXBuildFile; fileRef = C2B36FF52573E12C00282E45 /* SearchViewController.swift */; };
		C2B36FFE2574026900282E45 /* ApiKey.swift in Sources */ = {isa = PBXBuildFile; fileRef = C2B36FFD2574026900282E45 /* ApiKey.swift */; };
		C2B3701425764E2400282E45 /* ApiError.swift in Sources */ = {isa = PBXBuildFile; fileRef = C2B3701325764E2400282E45 /* ApiError.swift */; };
		C2B3704025768C4900282E45 /* IgdbService.swift in Sources */ = {isa = PBXBuildFile; fileRef = C2B3703F25768C4900282E45 /* IgdbService.swift */; };
		C2B3704A2576957600282E45 /* TabBarViewController.swift in Sources */ = {isa = PBXBuildFile; fileRef = C2B370492576957600282E45 /* TabBarViewController.swift */; };
		C2B3704F2576997A00282E45 /* Extension+ViewController.swift in Sources */ = {isa = PBXBuildFile; fileRef = C2B3704E2576997A00282E45 /* Extension+ViewController.swift */; };
		C2B3705425769D1100282E45 /* GamesViewController.swift in Sources */ = {isa = PBXBuildFile; fileRef = C2B3705325769D1100282E45 /* GamesViewController.swift */; };
		C2B3705A2576A68900282E45 /* GameTableViewCell.swift in Sources */ = {isa = PBXBuildFile; fileRef = C2B370582576A68900282E45 /* GameTableViewCell.swift */; };
		C2B3705B2576A68900282E45 /* GameTableViewCell.xib in Resources */ = {isa = PBXBuildFile; fileRef = C2B370592576A68900282E45 /* GameTableViewCell.xib */; };
		C2B370BA2577C03700282E45 /* Extension+UIImageView.swift in Sources */ = {isa = PBXBuildFile; fileRef = C2B370B92577C03700282E45 /* Extension+UIImageView.swift */; };
		C2B370EC257B91BB00282E45 /* GameDetailViewController.swift in Sources */ = {isa = PBXBuildFile; fileRef = C2B370EB257B91BB00282E45 /* GameDetailViewController.swift */; };
		C2B370F1257B953A00282E45 /* GameSearchResult.swift in Sources */ = {isa = PBXBuildFile; fileRef = C2B370F0257B953A00282E45 /* GameSearchResult.swift */; };
		C2B370F9257BB43300282E45 /* NibView.swift in Sources */ = {isa = PBXBuildFile; fileRef = C2B370F8257BB43300282E45 /* NibView.swift */; };
		C2B37134257D072D00282E45 /* ScreenshotCollectionViewCell.swift in Sources */ = {isa = PBXBuildFile; fileRef = C2B37132257D072D00282E45 /* ScreenshotCollectionViewCell.swift */; };
		C2B37135257D072D00282E45 /* ScreenshotCollectionViewCell.xib in Resources */ = {isa = PBXBuildFile; fileRef = C2B37133257D072D00282E45 /* ScreenshotCollectionViewCell.xib */; };
/* End PBXBuildFile section */

/* Begin PBXContainerItemProxy section */
		C2B36FC92573C0A100282E45 /* PBXContainerItemProxy */ = {
			isa = PBXContainerItemProxy;
			containerPortal = C2B36FA72573C09D00282E45 /* Project object */;
			proxyType = 1;
			remoteGlobalIDString = C2B36FAE2573C09D00282E45;
			remoteInfo = TradeAndPlay;
		};
		C2B36FD42573C0A100282E45 /* PBXContainerItemProxy */ = {
			isa = PBXContainerItemProxy;
			containerPortal = C2B36FA72573C09D00282E45 /* Project object */;
			proxyType = 1;
			remoteGlobalIDString = C2B36FAE2573C09D00282E45;
			remoteInfo = TradeAndPlay;
		};
/* End PBXContainerItemProxy section */

/* Begin PBXFileReference section */
		C230D7A0257F7F2A00ED28C2 /* RoundButton.swift */ = {isa = PBXFileReference; lastKnownFileType = sourcecode.swift; path = RoundButton.swift; sourceTree = "<group>"; };
		C230D7A8257F881A00ED28C2 /* RoundLabel.swift */ = {isa = PBXFileReference; lastKnownFileType = sourcecode.swift; path = RoundLabel.swift; sourceTree = "<group>"; };
		C230D7B5257F8ED100ED28C2 /* CustomTextField.xib */ = {isa = PBXFileReference; lastKnownFileType = file.xib; path = CustomTextField.xib; sourceTree = "<group>"; };
		C230D7BA257F961800ED28C2 /* CustomTextField.swift */ = {isa = PBXFileReference; lastKnownFileType = sourcecode.swift; path = CustomTextField.swift; sourceTree = "<group>"; };
		C230D7D0257FCB4C00ED28C2 /* GameDetailPresentationTableViewCell.swift */ = {isa = PBXFileReference; lastKnownFileType = sourcecode.swift; path = GameDetailPresentationTableViewCell.swift; sourceTree = "<group>"; };
		C230D7D1257FCB4C00ED28C2 /* GameDetailPresentationTableViewCell.xib */ = {isa = PBXFileReference; lastKnownFileType = file.xib; path = GameDetailPresentationTableViewCell.xib; sourceTree = "<group>"; };
		C230D7D7257FCF5E00ED28C2 /* SummaryTableViewCell.swift */ = {isa = PBXFileReference; lastKnownFileType = sourcecode.swift; path = SummaryTableViewCell.swift; sourceTree = "<group>"; };
		C230D7D8257FCF5E00ED28C2 /* SummaryTableViewCell.xib */ = {isa = PBXFileReference; lastKnownFileType = file.xib; path = SummaryTableViewCell.xib; sourceTree = "<group>"; };
		C230D7E7257FE3FD00ED28C2 /* ScreenShotsTableViewCell.swift */ = {isa = PBXFileReference; lastKnownFileType = sourcecode.swift; path = ScreenShotsTableViewCell.swift; sourceTree = "<group>"; };
		C230D7E8257FE3FD00ED28C2 /* ScreenShotsTableViewCell.xib */ = {isa = PBXFileReference; lastKnownFileType = file.xib; path = ScreenShotsTableViewCell.xib; sourceTree = "<group>"; };
		C230D7F6257FF2A400ED28C2 /* PlatformsTableViewCell.swift */ = {isa = PBXFileReference; lastKnownFileType = sourcecode.swift; path = PlatformsTableViewCell.swift; sourceTree = "<group>"; };
		C230D7F7257FF2A400ED28C2 /* PlatformsTableViewCell.xib */ = {isa = PBXFileReference; lastKnownFileType = file.xib; path = PlatformsTableViewCell.xib; sourceTree = "<group>"; };
		C230D8212581088600ED28C2 /* AddGameTableViewCell.swift */ = {isa = PBXFileReference; lastKnownFileType = sourcecode.swift; path = AddGameTableViewCell.swift; sourceTree = "<group>"; };
		C230D8222581088600ED28C2 /* AddGameTableViewCell.xib */ = {isa = PBXFileReference; lastKnownFileType = file.xib; path = AddGameTableViewCell.xib; sourceTree = "<group>"; };
		C2B36FAF2573C09D00282E45 /* TradeAndPlay.app */ = {isa = PBXFileReference; explicitFileType = wrapper.application; includeInIndex = 0; path = TradeAndPlay.app; sourceTree = BUILT_PRODUCTS_DIR; };
		C2B36FB22573C09D00282E45 /* AppDelegate.swift */ = {isa = PBXFileReference; lastKnownFileType = sourcecode.swift; path = AppDelegate.swift; sourceTree = "<group>"; };
		C2B36FB42573C09D00282E45 /* SceneDelegate.swift */ = {isa = PBXFileReference; lastKnownFileType = sourcecode.swift; path = SceneDelegate.swift; sourceTree = "<group>"; };
		C2B36FB92573C09D00282E45 /* Base */ = {isa = PBXFileReference; lastKnownFileType = file.storyboard; name = Base; path = Base.lproj/Main.storyboard; sourceTree = "<group>"; };
		C2B36FBC2573C09D00282E45 /* TradeAndPlay.xcdatamodel */ = {isa = PBXFileReference; lastKnownFileType = wrapper.xcdatamodel; path = TradeAndPlay.xcdatamodel; sourceTree = "<group>"; };
		C2B36FBE2573C0A000282E45 /* Assets.xcassets */ = {isa = PBXFileReference; lastKnownFileType = folder.assetcatalog; path = Assets.xcassets; sourceTree = "<group>"; };
		C2B36FC12573C0A000282E45 /* Base */ = {isa = PBXFileReference; lastKnownFileType = file.storyboard; name = Base; path = Base.lproj/LaunchScreen.storyboard; sourceTree = "<group>"; };
		C2B36FC32573C0A000282E45 /* Info.plist */ = {isa = PBXFileReference; lastKnownFileType = text.plist.xml; path = Info.plist; sourceTree = "<group>"; };
		C2B36FC82573C0A100282E45 /* TradeAndPlayTests.xctest */ = {isa = PBXFileReference; explicitFileType = wrapper.cfbundle; includeInIndex = 0; path = TradeAndPlayTests.xctest; sourceTree = BUILT_PRODUCTS_DIR; };
		C2B36FCC2573C0A100282E45 /* TradeAndPlayTests.swift */ = {isa = PBXFileReference; lastKnownFileType = sourcecode.swift; path = TradeAndPlayTests.swift; sourceTree = "<group>"; };
		C2B36FCE2573C0A100282E45 /* Info.plist */ = {isa = PBXFileReference; lastKnownFileType = text.plist.xml; path = Info.plist; sourceTree = "<group>"; };
		C2B36FD32573C0A100282E45 /* TradeAndPlayUITests.xctest */ = {isa = PBXFileReference; explicitFileType = wrapper.cfbundle; includeInIndex = 0; path = TradeAndPlayUITests.xctest; sourceTree = BUILT_PRODUCTS_DIR; };
		C2B36FD72573C0A100282E45 /* TradeAndPlayUITests.swift */ = {isa = PBXFileReference; lastKnownFileType = sourcecode.swift; path = TradeAndPlayUITests.swift; sourceTree = "<group>"; };
		C2B36FD92573C0A100282E45 /* Info.plist */ = {isa = PBXFileReference; lastKnownFileType = text.plist.xml; path = Info.plist; sourceTree = "<group>"; };
		C2B36FF52573E12C00282E45 /* SearchViewController.swift */ = {isa = PBXFileReference; lastKnownFileType = sourcecode.swift; path = SearchViewController.swift; sourceTree = "<group>"; };
		C2B36FFD2574026900282E45 /* ApiKey.swift */ = {isa = PBXFileReference; lastKnownFileType = sourcecode.swift; path = ApiKey.swift; sourceTree = "<group>"; };
		C2B3701325764E2400282E45 /* ApiError.swift */ = {isa = PBXFileReference; lastKnownFileType = sourcecode.swift; path = ApiError.swift; sourceTree = "<group>"; };
		C2B3703F25768C4900282E45 /* IgdbService.swift */ = {isa = PBXFileReference; lastKnownFileType = sourcecode.swift; path = IgdbService.swift; sourceTree = "<group>"; };
		C2B370492576957600282E45 /* TabBarViewController.swift */ = {isa = PBXFileReference; lastKnownFileType = sourcecode.swift; path = TabBarViewController.swift; sourceTree = "<group>"; };
		C2B3704E2576997A00282E45 /* Extension+ViewController.swift */ = {isa = PBXFileReference; lastKnownFileType = sourcecode.swift; path = "Extension+ViewController.swift"; sourceTree = "<group>"; };
		C2B3705325769D1100282E45 /* GamesViewController.swift */ = {isa = PBXFileReference; lastKnownFileType = sourcecode.swift; path = GamesViewController.swift; sourceTree = "<group>"; };
		C2B370582576A68900282E45 /* GameTableViewCell.swift */ = {isa = PBXFileReference; lastKnownFileType = sourcecode.swift; path = GameTableViewCell.swift; sourceTree = "<group>"; };
		C2B370592576A68900282E45 /* GameTableViewCell.xib */ = {isa = PBXFileReference; lastKnownFileType = file.xib; path = GameTableViewCell.xib; sourceTree = "<group>"; };
		C2B370B92577C03700282E45 /* Extension+UIImageView.swift */ = {isa = PBXFileReference; lastKnownFileType = sourcecode.swift; path = "Extension+UIImageView.swift"; sourceTree = "<group>"; };
		C2B370EB257B91BB00282E45 /* GameDetailViewController.swift */ = {isa = PBXFileReference; lastKnownFileType = sourcecode.swift; path = GameDetailViewController.swift; sourceTree = "<group>"; };
		C2B370F0257B953A00282E45 /* GameSearchResult.swift */ = {isa = PBXFileReference; lastKnownFileType = sourcecode.swift; path = GameSearchResult.swift; sourceTree = "<group>"; };
		C2B370F8257BB43300282E45 /* NibView.swift */ = {isa = PBXFileReference; lastKnownFileType = sourcecode.swift; path = NibView.swift; sourceTree = "<group>"; };
		C2B37132257D072D00282E45 /* ScreenshotCollectionViewCell.swift */ = {isa = PBXFileReference; lastKnownFileType = sourcecode.swift; path = ScreenshotCollectionViewCell.swift; sourceTree = "<group>"; };
		C2B37133257D072D00282E45 /* ScreenshotCollectionViewCell.xib */ = {isa = PBXFileReference; lastKnownFileType = file.xib; path = ScreenshotCollectionViewCell.xib; sourceTree = "<group>"; };
/* End PBXFileReference section */

/* Begin PBXFrameworksBuildPhase section */
		C2B36FAC2573C09D00282E45 /* Frameworks */ = {
			isa = PBXFrameworksBuildPhase;
			buildActionMask = 2147483647;
			files = (
			);
			runOnlyForDeploymentPostprocessing = 0;
		};
		C2B36FC52573C0A100282E45 /* Frameworks */ = {
			isa = PBXFrameworksBuildPhase;
			buildActionMask = 2147483647;
			files = (
			);
			runOnlyForDeploymentPostprocessing = 0;
		};
		C2B36FD02573C0A100282E45 /* Frameworks */ = {
			isa = PBXFrameworksBuildPhase;
			buildActionMask = 2147483647;
			files = (
			);
			runOnlyForDeploymentPostprocessing = 0;
		};
/* End PBXFrameworksBuildPhase section */

/* Begin PBXGroup section */
		C230D79F257F7F0C00ED28C2 /* CustomComponents */ = {
			isa = PBXGroup;
			children = (
				C230D7A0257F7F2A00ED28C2 /* RoundButton.swift */,
				C230D7A8257F881A00ED28C2 /* RoundLabel.swift */,
				C230D7BA257F961800ED28C2 /* CustomTextField.swift */,
				C230D7B5257F8ED100ED28C2 /* CustomTextField.xib */,
			);
			path = CustomComponents;
			sourceTree = "<group>";
		};
		C230D7EE257FF23000ED28C2 /* TableViewCells */ = {
			isa = PBXGroup;
			children = (
				C2B370582576A68900282E45 /* GameTableViewCell.swift */,
				C230D7E7257FE3FD00ED28C2 /* ScreenShotsTableViewCell.swift */,
				C230D7D7257FCF5E00ED28C2 /* SummaryTableViewCell.swift */,
				C230D7F6257FF2A400ED28C2 /* PlatformsTableViewCell.swift */,
				C230D7D0257FCB4C00ED28C2 /* GameDetailPresentationTableViewCell.swift */,
				C230D8212581088600ED28C2 /* AddGameTableViewCell.swift */,
				C230D8222581088600ED28C2 /* AddGameTableViewCell.xib */,
			);
			path = TableViewCells;
			sourceTree = "<group>";
		};
		C230D7EF257FF24300ED28C2 /* CollectionViewCells */ = {
			isa = PBXGroup;
			children = (
				C2B37132257D072D00282E45 /* ScreenshotCollectionViewCell.swift */,
			);
			path = CollectionViewCells;
			sourceTree = "<group>";
		};
		C230D8192580EE5E00ED28C2 /* TableViewCellsXibs */ = {
			isa = PBXGroup;
			children = (
				C230D7E8257FE3FD00ED28C2 /* ScreenShotsTableViewCell.xib */,
				C2B370592576A68900282E45 /* GameTableViewCell.xib */,
				C230D7D8257FCF5E00ED28C2 /* SummaryTableViewCell.xib */,
				C230D7F7257FF2A400ED28C2 /* PlatformsTableViewCell.xib */,
				C230D7D1257FCB4C00ED28C2 /* GameDetailPresentationTableViewCell.xib */,
			);
			path = TableViewCellsXibs;
			sourceTree = "<group>";
		};
		C230D81A2580EEBF00ED28C2 /* CollectionViewCellsXibs */ = {
			isa = PBXGroup;
			children = (
				C2B37133257D072D00282E45 /* ScreenshotCollectionViewCell.xib */,
			);
			path = CollectionViewCellsXibs;
			sourceTree = "<group>";
		};
		C230D82825810F3400ED28C2 /* SearchTab */ = {
			isa = PBXGroup;
			children = (
				C2B37142257D213700282E45 /* Xibs */,
				C230D7EE257FF23000ED28C2 /* TableViewCells */,
				C230D7EF257FF24300ED28C2 /* CollectionViewCells */,
			);
			path = SearchTab;
			sourceTree = "<group>";
		};
		C2B36FA62573C09D00282E45 = {
			isa = PBXGroup;
			children = (
				C2B36FB12573C09D00282E45 /* TradeAndPlay */,
				C2B36FCB2573C0A100282E45 /* TradeAndPlayTests */,
				C2B36FD62573C0A100282E45 /* TradeAndPlayUITests */,
				C2B36FB02573C09D00282E45 /* Products */,
			);
			sourceTree = "<group>";
		};
		C2B36FB02573C09D00282E45 /* Products */ = {
			isa = PBXGroup;
			children = (
				C2B36FAF2573C09D00282E45 /* TradeAndPlay.app */,
				C2B36FC82573C0A100282E45 /* TradeAndPlayTests.xctest */,
				C2B36FD32573C0A100282E45 /* TradeAndPlayUITests.xctest */,
			);
			name = Products;
			sourceTree = "<group>";
		};
		C2B36FB12573C09D00282E45 /* TradeAndPlay */ = {
			isa = PBXGroup;
			children = (
				C2B36FC32573C0A000282E45 /* Info.plist */,
				C2B36FEE2573C10200282E45 /* Supporting files */,
				C2B36FEB2573C0E300282E45 /* Models */,
				C2B36FED2573C0F900282E45 /* Controllers */,
				C2B36FEC2573C0EC00282E45 /* View */,
			);
			path = TradeAndPlay;
			sourceTree = "<group>";
		};
		C2B36FCB2573C0A100282E45 /* TradeAndPlayTests */ = {
			isa = PBXGroup;
			children = (
				C2B36FCC2573C0A100282E45 /* TradeAndPlayTests.swift */,
				C2B36FCE2573C0A100282E45 /* Info.plist */,
			);
			path = TradeAndPlayTests;
			sourceTree = "<group>";
		};
		C2B36FD62573C0A100282E45 /* TradeAndPlayUITests */ = {
			isa = PBXGroup;
			children = (
				C2B36FD72573C0A100282E45 /* TradeAndPlayUITests.swift */,
				C2B36FD92573C0A100282E45 /* Info.plist */,
			);
			path = TradeAndPlayUITests;
			sourceTree = "<group>";
		};
		C2B36FEB2573C0E300282E45 /* Models */ = {
			isa = PBXGroup;
			children = (
				C2B36FFD2574026900282E45 /* ApiKey.swift */,
				C2B3713D257D210B00282E45 /* CoreData */,
				C2B3712B257D06C400282E45 /* Errors */,
				C2B3713E257D212400282E45 /* Services */,
				C2B370F0257B953A00282E45 /* GameSearchResult.swift */,
			);
			path = Models;
			sourceTree = "<group>";
		};
		C2B36FEC2573C0EC00282E45 /* View */ = {
			isa = PBXGroup;
			children = (
				C2B36FB82573C09D00282E45 /* Main.storyboard */,
				C2B36FC02573C0A000282E45 /* LaunchScreen.storyboard */,
				C230D82825810F3400ED28C2 /* SearchTab */,
				C2B37143257D218A00282E45 /* CustomViews */,
				C230D79F257F7F0C00ED28C2 /* CustomComponents */,
				C2B36FBE2573C0A000282E45 /* Assets.xcassets */,
			);
			path = View;
			sourceTree = "<group>";
		};
		C2B36FED2573C0F900282E45 /* Controllers */ = {
			isa = PBXGroup;
			children = (
				C2B36FF52573E12C00282E45 /* SearchViewController.swift */,
				C2B3705325769D1100282E45 /* GamesViewController.swift */,
				C2B370EB257B91BB00282E45 /* GameDetailViewController.swift */,
				C2B370492576957600282E45 /* TabBarViewController.swift */,
				C2B3713C257D20EE00282E45 /* Extensions */,
			);
			path = Controllers;
			sourceTree = "<group>";
		};
		C2B36FEE2573C10200282E45 /* Supporting files */ = {
			isa = PBXGroup;
			children = (
				C2B36FB22573C09D00282E45 /* AppDelegate.swift */,
				C2B36FB42573C09D00282E45 /* SceneDelegate.swift */,
			);
			path = "Supporting files";
			sourceTree = "<group>";
		};
		C2B3712B257D06C400282E45 /* Errors */ = {
			isa = PBXGroup;
			children = (
				C2B3701325764E2400282E45 /* ApiError.swift */,
			);
			path = Errors;
			sourceTree = "<group>";
		};
		C2B3713C257D20EE00282E45 /* Extensions */ = {
			isa = PBXGroup;
			children = (
				C2B3704E2576997A00282E45 /* Extension+ViewController.swift */,
				C2B370B92577C03700282E45 /* Extension+UIImageView.swift */,
			);
			path = Extensions;
			sourceTree = "<group>";
		};
		C2B3713D257D210B00282E45 /* CoreData */ = {
			isa = PBXGroup;
			children = (
				C2B36FBB2573C09D00282E45 /* TradeAndPlay.xcdatamodeld */,
			);
			path = CoreData;
			sourceTree = "<group>";
		};
		C2B3713E257D212400282E45 /* Services */ = {
			isa = PBXGroup;
			children = (
				C2B3703F25768C4900282E45 /* IgdbService.swift */,
			);
			path = Services;
			sourceTree = "<group>";
		};
		C2B37142257D213700282E45 /* Xibs */ = {
			isa = PBXGroup;
			children = (
				C230D81A2580EEBF00ED28C2 /* CollectionViewCellsXibs */,
				C230D8192580EE5E00ED28C2 /* TableViewCellsXibs */,
			);
			path = Xibs;
			sourceTree = "<group>";
		};
		C2B37143257D218A00282E45 /* CustomViews */ = {
			isa = PBXGroup;
			children = (
				C2B370F8257BB43300282E45 /* NibView.swift */,
			);
			path = CustomViews;
			sourceTree = "<group>";
		};
/* End PBXGroup section */

/* Begin PBXNativeTarget section */
		C2B36FAE2573C09D00282E45 /* TradeAndPlay */ = {
			isa = PBXNativeTarget;
			buildConfigurationList = C2B36FDC2573C0A100282E45 /* Build configuration list for PBXNativeTarget "TradeAndPlay" */;
			buildPhases = (
				C2B36FAB2573C09D00282E45 /* Sources */,
				C2B36FAC2573C09D00282E45 /* Frameworks */,
				C2B36FAD2573C09D00282E45 /* Resources */,
			);
			buildRules = (
			);
			dependencies = (
			);
			name = TradeAndPlay;
			productName = TradeAndPlay;
			productReference = C2B36FAF2573C09D00282E45 /* TradeAndPlay.app */;
			productType = "com.apple.product-type.application";
		};
		C2B36FC72573C0A100282E45 /* TradeAndPlayTests */ = {
			isa = PBXNativeTarget;
			buildConfigurationList = C2B36FDF2573C0A100282E45 /* Build configuration list for PBXNativeTarget "TradeAndPlayTests" */;
			buildPhases = (
				C2B36FC42573C0A100282E45 /* Sources */,
				C2B36FC52573C0A100282E45 /* Frameworks */,
				C2B36FC62573C0A100282E45 /* Resources */,
			);
			buildRules = (
			);
			dependencies = (
				C2B36FCA2573C0A100282E45 /* PBXTargetDependency */,
			);
			name = TradeAndPlayTests;
			productName = TradeAndPlayTests;
			productReference = C2B36FC82573C0A100282E45 /* TradeAndPlayTests.xctest */;
			productType = "com.apple.product-type.bundle.unit-test";
		};
		C2B36FD22573C0A100282E45 /* TradeAndPlayUITests */ = {
			isa = PBXNativeTarget;
			buildConfigurationList = C2B36FE22573C0A100282E45 /* Build configuration list for PBXNativeTarget "TradeAndPlayUITests" */;
			buildPhases = (
				C2B36FCF2573C0A100282E45 /* Sources */,
				C2B36FD02573C0A100282E45 /* Frameworks */,
				C2B36FD12573C0A100282E45 /* Resources */,
			);
			buildRules = (
			);
			dependencies = (
				C2B36FD52573C0A100282E45 /* PBXTargetDependency */,
			);
			name = TradeAndPlayUITests;
			productName = TradeAndPlayUITests;
			productReference = C2B36FD32573C0A100282E45 /* TradeAndPlayUITests.xctest */;
			productType = "com.apple.product-type.bundle.ui-testing";
		};
/* End PBXNativeTarget section */

/* Begin PBXProject section */
		C2B36FA72573C09D00282E45 /* Project object */ = {
			isa = PBXProject;
			attributes = {
				LastSwiftUpdateCheck = 1220;
				LastUpgradeCheck = 1220;
				TargetAttributes = {
					C2B36FAE2573C09D00282E45 = {
						CreatedOnToolsVersion = 12.2;
					};
					C2B36FC72573C0A100282E45 = {
						CreatedOnToolsVersion = 12.2;
						TestTargetID = C2B36FAE2573C09D00282E45;
					};
					C2B36FD22573C0A100282E45 = {
						CreatedOnToolsVersion = 12.2;
						TestTargetID = C2B36FAE2573C09D00282E45;
					};
				};
			};
			buildConfigurationList = C2B36FAA2573C09D00282E45 /* Build configuration list for PBXProject "TradeAndPlay" */;
			compatibilityVersion = "Xcode 9.3";
			developmentRegion = en;
			hasScannedForEncodings = 0;
			knownRegions = (
				en,
				Base,
			);
			mainGroup = C2B36FA62573C09D00282E45;
			productRefGroup = C2B36FB02573C09D00282E45 /* Products */;
			projectDirPath = "";
			projectRoot = "";
			targets = (
				C2B36FAE2573C09D00282E45 /* TradeAndPlay */,
				C2B36FC72573C0A100282E45 /* TradeAndPlayTests */,
				C2B36FD22573C0A100282E45 /* TradeAndPlayUITests */,
			);
		};
/* End PBXProject section */

/* Begin PBXResourcesBuildPhase section */
		C2B36FAD2573C09D00282E45 /* Resources */ = {
			isa = PBXResourcesBuildPhase;
			buildActionMask = 2147483647;
			files = (
				C230D7B6257F8ED100ED28C2 /* CustomTextField.xib in Resources */,
				C2B36FC22573C0A000282E45 /* LaunchScreen.storyboard in Resources */,
				C230D7EA257FE3FE00ED28C2 /* ScreenShotsTableViewCell.xib in Resources */,
				C2B37135257D072D00282E45 /* ScreenshotCollectionViewCell.xib in Resources */,
				C230D7DA257FCF5E00ED28C2 /* SummaryTableViewCell.xib in Resources */,
				C230D7D3257FCB4C00ED28C2 /* GameDetailPresentationTableViewCell.xib in Resources */,
				C230D7F9257FF2A400ED28C2 /* PlatformsTableViewCell.xib in Resources */,
				C2B36FBF2573C0A000282E45 /* Assets.xcassets in Resources */,
				C2B36FBA2573C09D00282E45 /* Main.storyboard in Resources */,
				C2B3705B2576A68900282E45 /* GameTableViewCell.xib in Resources */,
				C230D8242581088600ED28C2 /* AddGameTableViewCell.xib in Resources */,
			);
			runOnlyForDeploymentPostprocessing = 0;
		};
		C2B36FC62573C0A100282E45 /* Resources */ = {
			isa = PBXResourcesBuildPhase;
			buildActionMask = 2147483647;
			files = (
			);
			runOnlyForDeploymentPostprocessing = 0;
		};
		C2B36FD12573C0A100282E45 /* Resources */ = {
			isa = PBXResourcesBuildPhase;
			buildActionMask = 2147483647;
			files = (
			);
			runOnlyForDeploymentPostprocessing = 0;
		};
/* End PBXResourcesBuildPhase section */

/* Begin PBXSourcesBuildPhase section */
		C2B36FAB2573C09D00282E45 /* Sources */ = {
			isa = PBXSourcesBuildPhase;
			buildActionMask = 2147483647;
			files = (
				C2B3705A2576A68900282E45 /* GameTableViewCell.swift in Sources */,
				C2B370EC257B91BB00282E45 /* GameDetailViewController.swift in Sources */,
				C2B37134257D072D00282E45 /* ScreenshotCollectionViewCell.swift in Sources */,
				C2B36FFE2574026900282E45 /* ApiKey.swift in Sources */,
				C2B36FB32573C09D00282E45 /* AppDelegate.swift in Sources */,
				C2B3705425769D1100282E45 /* GamesViewController.swift in Sources */,
				C2B370F1257B953A00282E45 /* GameSearchResult.swift in Sources */,
				C230D7D9257FCF5E00ED28C2 /* SummaryTableViewCell.swift in Sources */,
				C2B3704F2576997A00282E45 /* Extension+ViewController.swift in Sources */,
				C2B3704025768C4900282E45 /* IgdbService.swift in Sources */,
				C2B370BA2577C03700282E45 /* Extension+UIImageView.swift in Sources */,
				C2B36FBD2573C09D00282E45 /* TradeAndPlay.xcdatamodeld in Sources */,
				C2B3701425764E2400282E45 /* ApiError.swift in Sources */,
				C230D7E9257FE3FE00ED28C2 /* ScreenShotsTableViewCell.swift in Sources */,
				C230D7BB257F961800ED28C2 /* CustomTextField.swift in Sources */,
				C230D7F8257FF2A400ED28C2 /* PlatformsTableViewCell.swift in Sources */,
				C2B36FF62573E12C00282E45 /* SearchViewController.swift in Sources */,
				C230D7A9257F881A00ED28C2 /* RoundLabel.swift in Sources */,
				C2B3704A2576957600282E45 /* TabBarViewController.swift in Sources */,
				C230D8232581088600ED28C2 /* AddGameTableViewCell.swift in Sources */,
				C230D7A1257F7F2A00ED28C2 /* RoundButton.swift in Sources */,
				C2B370F9257BB43300282E45 /* NibView.swift in Sources */,
				C230D7D2257FCB4C00ED28C2 /* GameDetailPresentationTableViewCell.swift in Sources */,
				C2B36FB52573C09D00282E45 /* SceneDelegate.swift in Sources */,
			);
			runOnlyForDeploymentPostprocessing = 0;
		};
		C2B36FC42573C0A100282E45 /* Sources */ = {
			isa = PBXSourcesBuildPhase;
			buildActionMask = 2147483647;
			files = (
				C2B36FCD2573C0A100282E45 /* TradeAndPlayTests.swift in Sources */,
			);
			runOnlyForDeploymentPostprocessing = 0;
		};
		C2B36FCF2573C0A100282E45 /* Sources */ = {
			isa = PBXSourcesBuildPhase;
			buildActionMask = 2147483647;
			files = (
				C2B36FD82573C0A100282E45 /* TradeAndPlayUITests.swift in Sources */,
			);
			runOnlyForDeploymentPostprocessing = 0;
		};
/* End PBXSourcesBuildPhase section */

/* Begin PBXTargetDependency section */
		C2B36FCA2573C0A100282E45 /* PBXTargetDependency */ = {
			isa = PBXTargetDependency;
			target = C2B36FAE2573C09D00282E45 /* TradeAndPlay */;
			targetProxy = C2B36FC92573C0A100282E45 /* PBXContainerItemProxy */;
		};
		C2B36FD52573C0A100282E45 /* PBXTargetDependency */ = {
			isa = PBXTargetDependency;
			target = C2B36FAE2573C09D00282E45 /* TradeAndPlay */;
			targetProxy = C2B36FD42573C0A100282E45 /* PBXContainerItemProxy */;
		};
/* End PBXTargetDependency section */

/* Begin PBXVariantGroup section */
		C2B36FB82573C09D00282E45 /* Main.storyboard */ = {
			isa = PBXVariantGroup;
			children = (
				C2B36FB92573C09D00282E45 /* Base */,
			);
			name = Main.storyboard;
			sourceTree = "<group>";
		};
		C2B36FC02573C0A000282E45 /* LaunchScreen.storyboard */ = {
			isa = PBXVariantGroup;
			children = (
				C2B36FC12573C0A000282E45 /* Base */,
			);
			name = LaunchScreen.storyboard;
			sourceTree = "<group>";
		};
/* End PBXVariantGroup section */

/* Begin XCBuildConfiguration section */
		C2B36FDA2573C0A100282E45 /* Debug */ = {
			isa = XCBuildConfiguration;
			buildSettings = {
				ALWAYS_SEARCH_USER_PATHS = NO;
				CLANG_ANALYZER_NONNULL = YES;
				CLANG_ANALYZER_NUMBER_OBJECT_CONVERSION = YES_AGGRESSIVE;
				CLANG_CXX_LANGUAGE_STANDARD = "gnu++14";
				CLANG_CXX_LIBRARY = "libc++";
				CLANG_ENABLE_MODULES = YES;
				CLANG_ENABLE_OBJC_ARC = YES;
				CLANG_ENABLE_OBJC_WEAK = YES;
				CLANG_WARN_BLOCK_CAPTURE_AUTORELEASING = YES;
				CLANG_WARN_BOOL_CONVERSION = YES;
				CLANG_WARN_COMMA = YES;
				CLANG_WARN_CONSTANT_CONVERSION = YES;
				CLANG_WARN_DEPRECATED_OBJC_IMPLEMENTATIONS = YES;
				CLANG_WARN_DIRECT_OBJC_ISA_USAGE = YES_ERROR;
				CLANG_WARN_DOCUMENTATION_COMMENTS = YES;
				CLANG_WARN_EMPTY_BODY = YES;
				CLANG_WARN_ENUM_CONVERSION = YES;
				CLANG_WARN_INFINITE_RECURSION = YES;
				CLANG_WARN_INT_CONVERSION = YES;
				CLANG_WARN_NON_LITERAL_NULL_CONVERSION = YES;
				CLANG_WARN_OBJC_IMPLICIT_RETAIN_SELF = YES;
				CLANG_WARN_OBJC_LITERAL_CONVERSION = YES;
				CLANG_WARN_OBJC_ROOT_CLASS = YES_ERROR;
				CLANG_WARN_QUOTED_INCLUDE_IN_FRAMEWORK_HEADER = YES;
				CLANG_WARN_RANGE_LOOP_ANALYSIS = YES;
				CLANG_WARN_STRICT_PROTOTYPES = YES;
				CLANG_WARN_SUSPICIOUS_MOVE = YES;
				CLANG_WARN_UNGUARDED_AVAILABILITY = YES_AGGRESSIVE;
				CLANG_WARN_UNREACHABLE_CODE = YES;
				CLANG_WARN__DUPLICATE_METHOD_MATCH = YES;
				COPY_PHASE_STRIP = NO;
				DEBUG_INFORMATION_FORMAT = dwarf;
				ENABLE_STRICT_OBJC_MSGSEND = YES;
				ENABLE_TESTABILITY = YES;
				GCC_C_LANGUAGE_STANDARD = gnu11;
				GCC_DYNAMIC_NO_PIC = NO;
				GCC_NO_COMMON_BLOCKS = YES;
				GCC_OPTIMIZATION_LEVEL = 0;
				GCC_PREPROCESSOR_DEFINITIONS = (
					"DEBUG=1",
					"$(inherited)",
				);
				GCC_WARN_64_TO_32_BIT_CONVERSION = YES;
				GCC_WARN_ABOUT_RETURN_TYPE = YES_ERROR;
				GCC_WARN_UNDECLARED_SELECTOR = YES;
				GCC_WARN_UNINITIALIZED_AUTOS = YES_AGGRESSIVE;
				GCC_WARN_UNUSED_FUNCTION = YES;
				GCC_WARN_UNUSED_VARIABLE = YES;
				IPHONEOS_DEPLOYMENT_TARGET = 14.2;
				MTL_ENABLE_DEBUG_INFO = INCLUDE_SOURCE;
				MTL_FAST_MATH = YES;
				ONLY_ACTIVE_ARCH = YES;
				SDKROOT = iphoneos;
				SWIFT_ACTIVE_COMPILATION_CONDITIONS = DEBUG;
				SWIFT_OPTIMIZATION_LEVEL = "-Onone";
			};
			name = Debug;
		};
		C2B36FDB2573C0A100282E45 /* Release */ = {
			isa = XCBuildConfiguration;
			buildSettings = {
				ALWAYS_SEARCH_USER_PATHS = NO;
				CLANG_ANALYZER_NONNULL = YES;
				CLANG_ANALYZER_NUMBER_OBJECT_CONVERSION = YES_AGGRESSIVE;
				CLANG_CXX_LANGUAGE_STANDARD = "gnu++14";
				CLANG_CXX_LIBRARY = "libc++";
				CLANG_ENABLE_MODULES = YES;
				CLANG_ENABLE_OBJC_ARC = YES;
				CLANG_ENABLE_OBJC_WEAK = YES;
				CLANG_WARN_BLOCK_CAPTURE_AUTORELEASING = YES;
				CLANG_WARN_BOOL_CONVERSION = YES;
				CLANG_WARN_COMMA = YES;
				CLANG_WARN_CONSTANT_CONVERSION = YES;
				CLANG_WARN_DEPRECATED_OBJC_IMPLEMENTATIONS = YES;
				CLANG_WARN_DIRECT_OBJC_ISA_USAGE = YES_ERROR;
				CLANG_WARN_DOCUMENTATION_COMMENTS = YES;
				CLANG_WARN_EMPTY_BODY = YES;
				CLANG_WARN_ENUM_CONVERSION = YES;
				CLANG_WARN_INFINITE_RECURSION = YES;
				CLANG_WARN_INT_CONVERSION = YES;
				CLANG_WARN_NON_LITERAL_NULL_CONVERSION = YES;
				CLANG_WARN_OBJC_IMPLICIT_RETAIN_SELF = YES;
				CLANG_WARN_OBJC_LITERAL_CONVERSION = YES;
				CLANG_WARN_OBJC_ROOT_CLASS = YES_ERROR;
				CLANG_WARN_QUOTED_INCLUDE_IN_FRAMEWORK_HEADER = YES;
				CLANG_WARN_RANGE_LOOP_ANALYSIS = YES;
				CLANG_WARN_STRICT_PROTOTYPES = YES;
				CLANG_WARN_SUSPICIOUS_MOVE = YES;
				CLANG_WARN_UNGUARDED_AVAILABILITY = YES_AGGRESSIVE;
				CLANG_WARN_UNREACHABLE_CODE = YES;
				CLANG_WARN__DUPLICATE_METHOD_MATCH = YES;
				COPY_PHASE_STRIP = NO;
				DEBUG_INFORMATION_FORMAT = "dwarf-with-dsym";
				ENABLE_NS_ASSERTIONS = NO;
				ENABLE_STRICT_OBJC_MSGSEND = YES;
				GCC_C_LANGUAGE_STANDARD = gnu11;
				GCC_NO_COMMON_BLOCKS = YES;
				GCC_WARN_64_TO_32_BIT_CONVERSION = YES;
				GCC_WARN_ABOUT_RETURN_TYPE = YES_ERROR;
				GCC_WARN_UNDECLARED_SELECTOR = YES;
				GCC_WARN_UNINITIALIZED_AUTOS = YES_AGGRESSIVE;
				GCC_WARN_UNUSED_FUNCTION = YES;
				GCC_WARN_UNUSED_VARIABLE = YES;
				IPHONEOS_DEPLOYMENT_TARGET = 14.2;
				MTL_ENABLE_DEBUG_INFO = NO;
				MTL_FAST_MATH = YES;
				SDKROOT = iphoneos;
				SWIFT_COMPILATION_MODE = wholemodule;
				SWIFT_OPTIMIZATION_LEVEL = "-O";
				VALIDATE_PRODUCT = YES;
			};
			name = Release;
		};
		C2B36FDD2573C0A100282E45 /* Debug */ = {
			isa = XCBuildConfiguration;
			buildSettings = {
				ASSETCATALOG_COMPILER_APPICON_NAME = AppIcon;
				ASSETCATALOG_COMPILER_GLOBAL_ACCENT_COLOR_NAME = AccentColor;
				CODE_SIGN_STYLE = Automatic;
				DEVELOPMENT_TEAM = PTPRZC36QH;
				INFOPLIST_FILE = TradeAndPlay/Info.plist;
				IPHONEOS_DEPLOYMENT_TARGET = 11.0;
				LD_RUNPATH_SEARCH_PATHS = (
					"$(inherited)",
					"@executable_path/Frameworks",
				);
				PRODUCT_BUNDLE_IDENTIFIER = com.marwen.TradeAndPlay;
				PRODUCT_NAME = "$(TARGET_NAME)";
				SWIFT_VERSION = 5.0;
				TARGETED_DEVICE_FAMILY = "1,2";
			};
			name = Debug;
		};
		C2B36FDE2573C0A100282E45 /* Release */ = {
			isa = XCBuildConfiguration;
			buildSettings = {
				ASSETCATALOG_COMPILER_APPICON_NAME = AppIcon;
				ASSETCATALOG_COMPILER_GLOBAL_ACCENT_COLOR_NAME = AccentColor;
				CODE_SIGN_STYLE = Automatic;
				DEVELOPMENT_TEAM = PTPRZC36QH;
				INFOPLIST_FILE = TradeAndPlay/Info.plist;
				IPHONEOS_DEPLOYMENT_TARGET = 11.0;
				LD_RUNPATH_SEARCH_PATHS = (
					"$(inherited)",
					"@executable_path/Frameworks",
				);
				PRODUCT_BUNDLE_IDENTIFIER = com.marwen.TradeAndPlay;
				PRODUCT_NAME = "$(TARGET_NAME)";
				SWIFT_VERSION = 5.0;
				TARGETED_DEVICE_FAMILY = "1,2";
			};
			name = Release;
		};
		C2B36FE02573C0A100282E45 /* Debug */ = {
			isa = XCBuildConfiguration;
			buildSettings = {
				ALWAYS_EMBED_SWIFT_STANDARD_LIBRARIES = YES;
				BUNDLE_LOADER = "$(TEST_HOST)";
				CODE_SIGN_STYLE = Automatic;
				DEVELOPMENT_TEAM = PTPRZC36QH;
				INFOPLIST_FILE = TradeAndPlayTests/Info.plist;
				IPHONEOS_DEPLOYMENT_TARGET = 14.2;
				LD_RUNPATH_SEARCH_PATHS = (
					"$(inherited)",
					"@executable_path/Frameworks",
					"@loader_path/Frameworks",
				);
				PRODUCT_BUNDLE_IDENTIFIER = com.marwen.TradeAndPlayTests;
				PRODUCT_NAME = "$(TARGET_NAME)";
				SWIFT_VERSION = 5.0;
				TARGETED_DEVICE_FAMILY = "1,2";
				TEST_HOST = "$(BUILT_PRODUCTS_DIR)/TradeAndPlay.app/TradeAndPlay";
			};
			name = Debug;
		};
		C2B36FE12573C0A100282E45 /* Release */ = {
			isa = XCBuildConfiguration;
			buildSettings = {
				ALWAYS_EMBED_SWIFT_STANDARD_LIBRARIES = YES;
				BUNDLE_LOADER = "$(TEST_HOST)";
				CODE_SIGN_STYLE = Automatic;
				DEVELOPMENT_TEAM = PTPRZC36QH;
				INFOPLIST_FILE = TradeAndPlayTests/Info.plist;
				IPHONEOS_DEPLOYMENT_TARGET = 14.2;
				LD_RUNPATH_SEARCH_PATHS = (
					"$(inherited)",
					"@executable_path/Frameworks",
					"@loader_path/Frameworks",
				);
				PRODUCT_BUNDLE_IDENTIFIER = com.marwen.TradeAndPlayTests;
				PRODUCT_NAME = "$(TARGET_NAME)";
				SWIFT_VERSION = 5.0;
				TARGETED_DEVICE_FAMILY = "1,2";
				TEST_HOST = "$(BUILT_PRODUCTS_DIR)/TradeAndPlay.app/TradeAndPlay";
			};
			name = Release;
		};
		C2B36FE32573C0A100282E45 /* Debug */ = {
			isa = XCBuildConfiguration;
			buildSettings = {
				ALWAYS_EMBED_SWIFT_STANDARD_LIBRARIES = YES;
				CODE_SIGN_STYLE = Automatic;
				DEVELOPMENT_TEAM = PTPRZC36QH;
				INFOPLIST_FILE = TradeAndPlayUITests/Info.plist;
				LD_RUNPATH_SEARCH_PATHS = (
					"$(inherited)",
					"@executable_path/Frameworks",
					"@loader_path/Frameworks",
				);
				PRODUCT_BUNDLE_IDENTIFIER = com.marwen.TradeAndPlayUITests;
				PRODUCT_NAME = "$(TARGET_NAME)";
				SWIFT_VERSION = 5.0;
				TARGETED_DEVICE_FAMILY = "1,2";
				TEST_TARGET_NAME = TradeAndPlay;
			};
			name = Debug;
		};
		C2B36FE42573C0A100282E45 /* Release */ = {
			isa = XCBuildConfiguration;
			buildSettings = {
				ALWAYS_EMBED_SWIFT_STANDARD_LIBRARIES = YES;
				CODE_SIGN_STYLE = Automatic;
				DEVELOPMENT_TEAM = PTPRZC36QH;
				INFOPLIST_FILE = TradeAndPlayUITests/Info.plist;
				LD_RUNPATH_SEARCH_PATHS = (
					"$(inherited)",
					"@executable_path/Frameworks",
					"@loader_path/Frameworks",
				);
				PRODUCT_BUNDLE_IDENTIFIER = com.marwen.TradeAndPlayUITests;
				PRODUCT_NAME = "$(TARGET_NAME)";
				SWIFT_VERSION = 5.0;
				TARGETED_DEVICE_FAMILY = "1,2";
				TEST_TARGET_NAME = TradeAndPlay;
			};
			name = Release;
		};
/* End XCBuildConfiguration section */

/* Begin XCConfigurationList section */
		C2B36FAA2573C09D00282E45 /* Build configuration list for PBXProject "TradeAndPlay" */ = {
			isa = XCConfigurationList;
			buildConfigurations = (
				C2B36FDA2573C0A100282E45 /* Debug */,
				C2B36FDB2573C0A100282E45 /* Release */,
			);
			defaultConfigurationIsVisible = 0;
			defaultConfigurationName = Release;
		};
		C2B36FDC2573C0A100282E45 /* Build configuration list for PBXNativeTarget "TradeAndPlay" */ = {
			isa = XCConfigurationList;
			buildConfigurations = (
				C2B36FDD2573C0A100282E45 /* Debug */,
				C2B36FDE2573C0A100282E45 /* Release */,
			);
			defaultConfigurationIsVisible = 0;
			defaultConfigurationName = Release;
		};
		C2B36FDF2573C0A100282E45 /* Build configuration list for PBXNativeTarget "TradeAndPlayTests" */ = {
			isa = XCConfigurationList;
			buildConfigurations = (
				C2B36FE02573C0A100282E45 /* Debug */,
				C2B36FE12573C0A100282E45 /* Release */,
			);
			defaultConfigurationIsVisible = 0;
			defaultConfigurationName = Release;
		};
		C2B36FE22573C0A100282E45 /* Build configuration list for PBXNativeTarget "TradeAndPlayUITests" */ = {
			isa = XCConfigurationList;
			buildConfigurations = (
				C2B36FE32573C0A100282E45 /* Debug */,
				C2B36FE42573C0A100282E45 /* Release */,
			);
			defaultConfigurationIsVisible = 0;
			defaultConfigurationName = Release;
		};
/* End XCConfigurationList section */

/* Begin XCVersionGroup section */
		C2B36FBB2573C09D00282E45 /* TradeAndPlay.xcdatamodeld */ = {
			isa = XCVersionGroup;
			children = (
				C2B36FBC2573C09D00282E45 /* TradeAndPlay.xcdatamodel */,
			);
			currentVersion = C2B36FBC2573C09D00282E45 /* TradeAndPlay.xcdatamodel */;
			path = TradeAndPlay.xcdatamodeld;
			sourceTree = "<group>";
			versionGroupType = wrapper.xcdatamodel;
		};
/* End XCVersionGroup section */
	};
	rootObject = C2B36FA72573C09D00282E45 /* Project object */;
}
